Microsoft Visual Studio Solution File, Format Version 12.00
# Visual Studio Version 18
VisualStudioVersion = 18.1.11312.151
MinimumVisualStudioVersion = 10.0.40219.1
Project("{2150E333-8FDC-42A3-9474-1A3956D46DE8}") = "src", "src", "{A1B2C3D4-E5F6-7890-ABCD-EF1234567890}"
EndProject
Project("{2150E333-8FDC-42A3-9474-1A3956D46DE8}") = "Common", "Common", "{B2C3D4E5-F6A7-8901-BCDE-F12345678901}"
EndProject
Project("{2150E333-8FDC-42A3-9474-1A3956D46DE8}") = "API", "API", "{C3D4E5F6-A7B8-9012-CDEF-123456789012}"
EndProject
Project("{2150E333-8FDC-42A3-9474-1A3956D46DE8}") = "Modules", "Modules", "{D4E5F6A7-B8C9-0123-DEF0-234567890123}"
EndProject
Project("{2150E333-8FDC-42A3-9474-1A3956D46DE8}") = "test", "test", "{66666666-6666-6666-6666-666666666666}"
EndProject
Project("{9A19103F-16F7-4668-BE54-9A1E7A4F7556}") = "ModularTemplate.Common.Domain", "src\Common\ModularTemplate.Common.Domain\ModularTemplate.Common.Domain.csproj", "{E5F6A7B8-C9D0-1234-EF01-345678901234}"
EndProject
Project("{9A19103F-16F7-4668-BE54-9A1E7A4F7556}") = "ModularTemplate.Common.Application", "src\Common\ModularTemplate.Common.Application\ModularTemplate.Common.Application.csproj", "{F6A7B8C9-D0E1-2345-F012-456789012345}"
EndProject
Project("{9A19103F-16F7-4668-BE54-9A1E7A4F7556}") = "ModularTemplate.Common.Infrastructure", "src\Common\ModularTemplate.Common.Infrastructure\ModularTemplate.Common.Infrastructure.csproj", "{A7B8C9D0-E1F2-3456-0123-567890123456}"
EndProject
Project("{9A19103F-16F7-4668-BE54-9A1E7A4F7556}") = "ModularTemplate.Common.Presentation", "src\Common\ModularTemplate.Common.Presentation\ModularTemplate.Common.Presentation.csproj", "{B8C9D0E1-F2A3-4567-1234-678901234567}"
EndProject
Project("{9A19103F-16F7-4668-BE54-9A1E7A4F7556}") = "ModularTemplate.Api", "src\API\ModularTemplate.Api\ModularTemplate.Api.csproj", "{C9D0E1F2-A3B4-5678-2345-789012345678}"
EndProject
Project("{9A19103F-16F7-4668-BE54-9A1E7A4F7556}") = "ModularTemplate.ArchitectureTests", "test\ModularTemplate.ArchitectureTests\ModularTemplate.ArchitectureTests.csproj", "{77777777-7777-7777-7777-777777777777}"
EndProject
Project("{2150E333-8FDC-42A3-9474-1A3956D46DE8}") = "SampleSales", "SampleSales", "{1CF6108A-1185-35DE-5336-C1AA265239B1}"
EndProject
Project("{FAE04EC0-301F-11D3-BF4B-00C04F79EFBC}") = "ModularTemplate.Modules.SampleSales.Domain", "src\Modules\SampleSales\ModularTemplate.Modules.SampleSales.Domain\ModularTemplate.Modules.SampleSales.Domain.csproj", "{B2EAACFF-A197-41CE-BE3D-07A0A0772EA8}"
EndProject
Project("{FAE04EC0-301F-11D3-BF4B-00C04F79EFBC}") = "ModularTemplate.Modules.SampleSales.Application", "src\Modules\SampleSales\ModularTemplate.Modules.SampleSales.Application\ModularTemplate.Modules.SampleSales.Application.csproj", "{0FCD0F38-8509-419D-AAF7-D028DE7D706A}"
EndProject
Project("{FAE04EC0-301F-11D3-BF4B-00C04F79EFBC}") = "ModularTemplate.Modules.SampleSales.IntegrationEvents", "src\Modules\SampleSales\ModularTemplate.Modules.SampleSales.IntegrationEvents\ModularTemplate.Modules.SampleSales.IntegrationEvents.csproj", "{669554E2-7FD5-4E67-AB21-3A845234832B}"
EndProject
Project("{2150E333-8FDC-42A3-9474-1A3956D46DE8}") = "SampleOrders", "SampleOrders", "{D1808495-CEA6-9182-464B-E341048D0084}"
EndProject
Project("{FAE04EC0-301F-11D3-BF4B-00C04F79EFBC}") = "ModularTemplate.Modules.SampleOrders.IntegrationEvents", "src\Modules\SampleOrders\ModularTemplate.Modules.SampleOrders.IntegrationEvents\ModularTemplate.Modules.SampleOrders.IntegrationEvents.csproj", "{C3576F69-20DB-440D-BD53-8DAE00EF5D3A}"
EndProject
Project("{FAE04EC0-301F-11D3-BF4B-00C04F79EFBC}") = "ModularTemplate.Modules.SampleSales.Infrastructure", "src\Modules\SampleSales\ModularTemplate.Modules.SampleSales.Infrastructure\ModularTemplate.Modules.SampleSales.Infrastructure.csproj", "{63C47541-7654-409D-8DB4-BA045427725F}"
EndProject
Project("{FAE04EC0-301F-11D3-BF4B-00C04F79EFBC}") = "ModularTemplate.Modules.SampleSales.Presentation", "src\Modules\SampleSales\ModularTemplate.Modules.SampleSales.Presentation\ModularTemplate.Modules.SampleSales.Presentation.csproj", "{167CAECA-4AA2-4F97-AE4F-3A822445F2BF}"
EndProject
Project("{FAE04EC0-301F-11D3-BF4B-00C04F79EFBC}") = "ModularTemplate.Modules.SampleOrders.Domain", "src\Modules\SampleOrders\ModularTemplate.Modules.SampleOrders.Domain\ModularTemplate.Modules.SampleOrders.Domain.csproj", "{5879098A-2DB3-437A-AB24-D714BF41DE3B}"
EndProject
Project("{FAE04EC0-301F-11D3-BF4B-00C04F79EFBC}") = "ModularTemplate.Modules.SampleOrders.Application", "src\Modules\SampleOrders\ModularTemplate.Modules.SampleOrders.Application\ModularTemplate.Modules.SampleOrders.Application.csproj", "{CE2D77F8-B6C7-4BE3-BA94-F7530E869DB9}"
EndProject
Project("{FAE04EC0-301F-11D3-BF4B-00C04F79EFBC}") = "ModularTemplate.Modules.SampleOrders.Infrastructure", "src\Modules\SampleOrders\ModularTemplate.Modules.SampleOrders.Infrastructure\ModularTemplate.Modules.SampleOrders.Infrastructure.csproj", "{AA87B7B7-CEA3-4E5C-B62C-8EAC2B8898D6}"
EndProject
Project("{FAE04EC0-301F-11D3-BF4B-00C04F79EFBC}") = "ModularTemplate.Modules.SampleOrders.Presentation", "src\Modules\SampleOrders\ModularTemplate.Modules.SampleOrders.Presentation\ModularTemplate.Modules.SampleOrders.Presentation.csproj", "{63A5CEAD-1133-4137-A4F8-4303B14CCC29}"
EndProject
Project("{2150E333-8FDC-42A3-9474-1A3956D46DE8}") = "test", "test", "{18DAEF29-55A3-BEDD-F3E8-9126768E3534}"
EndProject
Project("{FAE04EC0-301F-11D3-BF4B-00C04F79EFBC}") = "ModularTemplate.Modules.SampleSales.Domain.Tests", "src\Modules\SampleSales\test\ModularTemplate.Modules.SampleSales.Domain.Tests\ModularTemplate.Modules.SampleSales.Domain.Tests.csproj", "{25B13C2D-1496-4D86-82AF-4B416EC0DEED}"
EndProject
Project("{FAE04EC0-301F-11D3-BF4B-00C04F79EFBC}") = "ModularTemplate.Modules.SampleSales.Application.Tests", "src\Modules\SampleSales\test\ModularTemplate.Modules.SampleSales.Application.Tests\ModularTemplate.Modules.SampleSales.Application.Tests.csproj", "{A4E7DD2B-B904-4AA4-B196-D134609FE46C}"
EndProject
Project("{2150E333-8FDC-42A3-9474-1A3956D46DE8}") = "test", "test", "{9A805616-B6DC-3A22-2787-69BF736FCE68}"
EndProject
Project("{FAE04EC0-301F-11D3-BF4B-00C04F79EFBC}") = "ModularTemplate.Modules.SampleOrders.Domain.Tests", "src\Modules\SampleOrders\test\ModularTemplate.Modules.SampleOrders.Domain.Tests\ModularTemplate.Modules.SampleOrders.Domain.Tests.csproj", "{84D65A12-0560-4583-9B26-715294362703}"
EndProject
Project("{FAE04EC0-301F-11D3-BF4B-00C04F79EFBC}") = "ModularTemplate.Modules.SampleOrders.Application.Tests", "src\Modules\SampleOrders\test\ModularTemplate.Modules.SampleOrders.Application.Tests\ModularTemplate.Modules.SampleOrders.Application.Tests.csproj", "{2F2298F5-5C4A-4071-9FC0-3D642C545EB0}"
EndProject
Project("{2150E333-8FDC-42A3-9474-1A3956D46DE8}") = "test", "test", "{D269E6B0-7F09-94EF-0285-FCEBCC09D17C}"
EndProject
Project("{FAE04EC0-301F-11D3-BF4B-00C04F79EFBC}") = "ModularTemplate.Common.IntegrationTests", "src\Common\test\ModularTemplate.Common.IntegrationTests\ModularTemplate.Common.IntegrationTests.csproj", "{690240BD-4077-4DB1-929B-8A5B8A58A22F}"
EndProject
Project("{FAE04EC0-301F-11D3-BF4B-00C04F79EFBC}") = "ModularTemplate.Modules.SampleSales.IntegrationTests", "src\Modules\SampleSales\test\ModularTemplate.Modules.SampleSales.IntegrationTests\ModularTemplate.Modules.SampleSales.IntegrationTests.csproj", "{E66C60B9-BF26-4A3C-ADED-75C35791AEC6}"
EndProject
Project("{2150E333-8FDC-42A3-9474-1A3956D46DE8}") = "Organization", "Organization", "{3430B5D7-3442-E940-2D9C-B36223823D65}"
EndProject
Project("{FAE04EC0-301F-11D3-BF4B-00C04F79EFBC}") = "ModularTemplate.Modules.Organization.Domain", "src\Modules\Organization\ModularTemplate.Modules.Organization.Domain\ModularTemplate.Modules.Organization.Domain.csproj", "{D91A1B40-B621-47B9-BDF0-CA1C9066144D}"
EndProject
Project("{FAE04EC0-301F-11D3-BF4B-00C04F79EFBC}") = "ModularTemplate.Modules.Organization.Application", "src\Modules\Organization\ModularTemplate.Modules.Organization.Application\ModularTemplate.Modules.Organization.Application.csproj", "{A88859C7-7AFB-43CC-8BA5-243C2F38A40A}"
EndProject
Project("{FAE04EC0-301F-11D3-BF4B-00C04F79EFBC}") = "ModularTemplate.Modules.Organization.Infrastructure", "src\Modules\Organization\ModularTemplate.Modules.Organization.Infrastructure\ModularTemplate.Modules.Organization.Infrastructure.csproj", "{0D0F31C8-41D1-4BE9-BE55-2234F45D6469}"
EndProject
Project("{FAE04EC0-301F-11D3-BF4B-00C04F79EFBC}") = "ModularTemplate.Modules.Organization.Presentation", "src\Modules\Organization\ModularTemplate.Modules.Organization.Presentation\ModularTemplate.Modules.Organization.Presentation.csproj", "{769C6A2F-1C5F-4F54-A66D-3D88797E02D0}"
EndProject
Project("{2150E333-8FDC-42A3-9474-1A3956D46DE8}") = "Customer", "Customer", "{3FA4779A-B4DD-7F87-4120-DFA01464BE5F}"
EndProject
Project("{FAE04EC0-301F-11D3-BF4B-00C04F79EFBC}") = "ModularTemplate.Modules.Customer.Domain", "src\Modules\Customer\ModularTemplate.Modules.Customer.Domain\ModularTemplate.Modules.Customer.Domain.csproj", "{F20A8826-F622-4151-9410-17C4731903E7}"
EndProject
Project("{FAE04EC0-301F-11D3-BF4B-00C04F79EFBC}") = "ModularTemplate.Modules.Customer.Application", "src\Modules\Customer\ModularTemplate.Modules.Customer.Application\ModularTemplate.Modules.Customer.Application.csproj", "{C3600574-AB25-4F34-B894-563DF134E33D}"
EndProject
Project("{FAE04EC0-301F-11D3-BF4B-00C04F79EFBC}") = "ModularTemplate.Modules.Customer.Infrastructure", "src\Modules\Customer\ModularTemplate.Modules.Customer.Infrastructure\ModularTemplate.Modules.Customer.Infrastructure.csproj", "{43611BF7-76B4-4F02-99E1-A47D4A7407E3}"
EndProject
Project("{FAE04EC0-301F-11D3-BF4B-00C04F79EFBC}") = "ModularTemplate.Modules.Customer.Presentation", "src\Modules\Customer\ModularTemplate.Modules.Customer.Presentation\ModularTemplate.Modules.Customer.Presentation.csproj", "{7C05ED06-1CA6-4083-8489-8011E1483E8E}"
EndProject
Project("{2150E333-8FDC-42A3-9474-1A3956D46DE8}") = "Sales", "Sales", "{14D944EC-98E3-43DC-B289-616C5FE07814}"
EndProject
Project("{FAE04EC0-301F-11D3-BF4B-00C04F79EFBC}") = "ModularTemplate.Modules.Sales.Domain", "src\Modules\Sales\ModularTemplate.Modules.Sales.Domain\ModularTemplate.Modules.Sales.Domain.csproj", "{76589666-DCC4-4D14-A55A-6675E371BF82}"
EndProject
Project("{FAE04EC0-301F-11D3-BF4B-00C04F79EFBC}") = "ModularTemplate.Modules.Sales.Application", "src\Modules\Sales\ModularTemplate.Modules.Sales.Application\ModularTemplate.Modules.Sales.Application.csproj", "{6D7C77CD-D943-4947-883D-AC912CF54BB1}"
EndProject
Project("{FAE04EC0-301F-11D3-BF4B-00C04F79EFBC}") = "ModularTemplate.Modules.Sales.Infrastructure", "src\Modules\Sales\ModularTemplate.Modules.Sales.Infrastructure\ModularTemplate.Modules.Sales.Infrastructure.csproj", "{F5001F32-1753-4007-A094-36947A98CF95}"
EndProject
Project("{FAE04EC0-301F-11D3-BF4B-00C04F79EFBC}") = "ModularTemplate.Modules.Sales.Presentation", "src\Modules\Sales\ModularTemplate.Modules.Sales.Presentation\ModularTemplate.Modules.Sales.Presentation.csproj", "{162B5C89-E593-4845-92E6-248A3E3FBC70}"
EndProject
Project("{FAE04EC0-301F-11D3-BF4B-00C04F79EFBC}") = "ModularTemplate.Modules.Customer.IntegrationEvents", "src\Modules\Customer\ModularTemplate.Modules.Customer.IntegrationEvents\ModularTemplate.Modules.Customer.IntegrationEvents.csproj", "{BA249F15-5E58-4417-BA7D-E6A3B13C2EFC}"
EndProject
Project("{FAE04EC0-301F-11D3-BF4B-00C04F79EFBC}") = "ModularTemplate.Modules.Organization.IntegrationEvents", "src\Modules\Organization\ModularTemplate.Modules.Organization.IntegrationEvents\ModularTemplate.Modules.Organization.IntegrationEvents.csproj", "{C2C6FC63-5192-4E6B-9F35-C82E704CB93E}"
EndProject
Project("{FAE04EC0-301F-11D3-BF4B-00C04F79EFBC}") = "ModularTemplate.Modules.Sales.IntegrationEvents", "src\Modules\Sales\ModularTemplate.Modules.Sales.IntegrationEvents\ModularTemplate.Modules.Sales.IntegrationEvents.csproj", "{38D8B77C-4916-47CF-86C5-AB0D44208679}"
EndProject
Project("{FAE04EC0-301F-11D3-BF4B-00C04F79EFBC}") = "ModularTemplate.Api.SampleOrders", "src\API\ModularTemplate.Api.SampleOrders\ModularTemplate.Api.SampleOrders.csproj", "{BCA061CF-6D5A-432E-B341-691E92DBE828}"
EndProject
Project("{FAE04EC0-301F-11D3-BF4B-00C04F79EFBC}") = "ModularTemplate.Api.Sales", "src\API\ModularTemplate.Api.Sales\ModularTemplate.Api.Sales.csproj", "{EAEA3F18-D48D-47AC-B811-333C1A5E9933}"
EndProject
Project("{FAE04EC0-301F-11D3-BF4B-00C04F79EFBC}") = "ModularTemplate.Api.Customer", "src\API\ModularTemplate.Api.Customer\ModularTemplate.Api.Customer.csproj", "{812275F7-74A9-4FC2-9A98-9A4FD683570D}"
EndProject
Project("{FAE04EC0-301F-11D3-BF4B-00C04F79EFBC}") = "ModularTemplate.Api.Organization", "src\API\ModularTemplate.Api.Organization\ModularTemplate.Api.Organization.csproj", "{001C514C-0416-40CA-892B-2F395D46EBE9}"
EndProject
Project("{FAE04EC0-301F-11D3-BF4B-00C04F79EFBC}") = "ModularTemplate.Api.SampleSales", "src\API\ModularTemplate.Api.SampleSales\ModularTemplate.Api.SampleSales.csproj", "{DCC07720-D865-4BD9-BB84-DC62945328D1}"
EndProject
Project("{FAE04EC0-301F-11D3-BF4B-00C04F79EFBC}") = "ModularTemplate.Api.Shared", "src\API\ModularTemplate.Api.Shared\ModularTemplate.Api.Shared.csproj", "{6773C282-E79C-427A-B132-D74AA34204FD}"
EndProject
Project("{2150E333-8FDC-42A3-9474-1A3956D46DE8}") = "Product", "Product", "{761EF3CC-F357-4303-A282-D30A48D7C998}"
EndProject
Project("{FAE04EC0-301F-11D3-BF4B-00C04F79EFBC}") = "ModularTemplate.Modules.Product.Domain", "src\Modules\Product\ModularTemplate.Modules.Product.Domain\ModularTemplate.Modules.Product.Domain.csproj", "{9FC548F7-3747-42BF-91A6-6A622CE20E93}"
EndProject
Project("{FAE04EC0-301F-11D3-BF4B-00C04F79EFBC}") = "ModularTemplate.Modules.Product.Application", "src\Modules\Product\ModularTemplate.Modules.Product.Application\ModularTemplate.Modules.Product.Application.csproj", "{A125B4E0-1ABB-4C56-A37F-99C2AE327B12}"
EndProject
Project("{FAE04EC0-301F-11D3-BF4B-00C04F79EFBC}") = "ModularTemplate.Modules.Product.Infrastructure", "src\Modules\Product\ModularTemplate.Modules.Product.Infrastructure\ModularTemplate.Modules.Product.Infrastructure.csproj", "{BBD7BEC5-A27F-4AC6-82BF-1A81381F15F8}"
EndProject
Project("{FAE04EC0-301F-11D3-BF4B-00C04F79EFBC}") = "ModularTemplate.Modules.Product.Presentation", "src\Modules\Product\ModularTemplate.Modules.Product.Presentation\ModularTemplate.Modules.Product.Presentation.csproj", "{F9DA92CD-A9BE-479D-8001-FA86FD947939}"
EndProject
Project("{FAE04EC0-301F-11D3-BF4B-00C04F79EFBC}") = "ModularTemplate.Modules.Product.IntegrationEvents", "src\Modules\Product\ModularTemplate.Modules.Product.IntegrationEvents\ModularTemplate.Modules.Product.IntegrationEvents.csproj", "{4CBCC97B-CB53-487E-8244-A209F8AAE47B}"
EndProject
Project("{2150E333-8FDC-42A3-9474-1A3956D46DE8}") = "Fees", "Fees", "{D651BA46-60C5-4986-6F84-2CED1EB325F3}"
EndProject
Project("{FAE04EC0-301F-11D3-BF4B-00C04F79EFBC}") = "ModularTemplate.Modules.Fees.Domain", "src\Modules\Fees\ModularTemplate.Modules.Fees.Domain\ModularTemplate.Modules.Fees.Domain.csproj", "{4973C517-3005-44D7-9497-7F59AAC851E5}"
EndProject
Project("{FAE04EC0-301F-11D3-BF4B-00C04F79EFBC}") = "ModularTemplate.Modules.Fees.Application", "src\Modules\Fees\ModularTemplate.Modules.Fees.Application\ModularTemplate.Modules.Fees.Application.csproj", "{9DCA4EA3-EF46-4BEF-97EA-6DACCFF2A142}"
EndProject
Project("{FAE04EC0-301F-11D3-BF4B-00C04F79EFBC}") = "ModularTemplate.Modules.Fees.IntegrationEvents", "src\Modules\Fees\ModularTemplate.Modules.Fees.IntegrationEvents\ModularTemplate.Modules.Fees.IntegrationEvents.csproj", "{7A9783D9-35FD-4172-977F-DBBB9A37828F}"
EndProject
Project("{FAE04EC0-301F-11D3-BF4B-00C04F79EFBC}") = "ModularTemplate.Modules.Fees.Presentation", "src\Modules\Fees\ModularTemplate.Modules.Fees.Presentation\ModularTemplate.Modules.Fees.Presentation.csproj", "{DFCAF79E-ED4D-472C-83A1-31DC16882E0D}"
EndProject
Project("{FAE04EC0-301F-11D3-BF4B-00C04F79EFBC}") = "ModularTemplate.Modules.Fees.Infrastructure", "src\Modules\Fees\ModularTemplate.Modules.Fees.Infrastructure\ModularTemplate.Modules.Fees.Infrastructure.csproj", "{FE5E385C-AC51-4C6E-BE79-D9D1406A58FA}"
EndProject
Project("{FAE04EC0-301F-11D3-BF4B-00C04F79EFBC}") = "ModularTemplate.Api.Product", "src\API\ModularTemplate.Api.Product\ModularTemplate.Api.Product.csproj", "{689FC564-CA4B-4644-84A3-4510FF66B5DC}"
EndProject
Project("{FAE04EC0-301F-11D3-BF4B-00C04F79EFBC}") = "ModularTemplate.Api.Fees", "src\API\ModularTemplate.Api.Fees\ModularTemplate.Api.Fees.csproj", "{E59453EC-2AF9-4979-BA17-27DBDFC5CCCD}"
EndProject
Project("{2150E333-8FDC-42A3-9474-1A3956D46DE8}") = "test", "test", "{A8090CE6-3CAB-3C94-0010-A9FBD0FB5AA0}"
EndProject
Project("{FAE04EC0-301F-11D3-BF4B-00C04F79EFBC}") = "ModularTemplate.Modules.Customer.Domain.Tests", "src\Modules\Customer\test\ModularTemplate.Modules.Customer.Domain.Tests\ModularTemplate.Modules.Customer.Domain.Tests.csproj", "{1C65FC8A-622E-4C4B-87FC-8D617B8CD342}"
EndProject
Project("{FAE04EC0-301F-11D3-BF4B-00C04F79EFBC}") = "ModularTemplate.Modules.Customer.Application.Tests", "src\Modules\Customer\test\ModularTemplate.Modules.Customer.Application.Tests\ModularTemplate.Modules.Customer.Application.Tests.csproj", "{14D3D45F-61FA-4A28-BBCE-10800758208F}"
EndProject
Project("{2150E333-8FDC-42A3-9474-1A3956D46DE8}") = "test", "test", "{CDCDF9C8-6E4F-8D24-1B9A-854389D087E7}"
EndProject
Project("{FAE04EC0-301F-11D3-BF4B-00C04F79EFBC}") = "ModularTemplate.Modules.Fees.Domain.Tests", "src\Modules\Fees\test\ModularTemplate.Modules.Fees.Domain.Tests\ModularTemplate.Modules.Fees.Domain.Tests.csproj", "{FEF03A22-51FD-4FE2-87C1-33D269A4B272}"
EndProject
Project("{FAE04EC0-301F-11D3-BF4B-00C04F79EFBC}") = "ModularTemplate.Modules.Fees.Application.Tests", "src\Modules\Fees\test\ModularTemplate.Modules.Fees.Application.Tests\ModularTemplate.Modules.Fees.Application.Tests.csproj", "{E947C09B-262D-4E8B-81E0-7453EDB3961F}"
EndProject
Project("{2150E333-8FDC-42A3-9474-1A3956D46DE8}") = "test", "test", "{32C05EB4-5A11-D8EA-0B98-302A504E346E}"
EndProject
Project("{FAE04EC0-301F-11D3-BF4B-00C04F79EFBC}") = "ModularTemplate.Modules.Organization.Domain.Tests", "src\Modules\Organization\test\ModularTemplate.Modules.Organization.Domain.Tests\ModularTemplate.Modules.Organization.Domain.Tests.csproj", "{63B05EB1-378A-4DE3-9409-39FFA1589471}"
EndProject
Project("{FAE04EC0-301F-11D3-BF4B-00C04F79EFBC}") = "ModularTemplate.Modules.Organization.Application.Tests", "src\Modules\Organization\test\ModularTemplate.Modules.Organization.Application.Tests\ModularTemplate.Modules.Organization.Application.Tests.csproj", "{3DF4885A-4AF9-44D3-901E-73824D9564F5}"
EndProject
Project("{2150E333-8FDC-42A3-9474-1A3956D46DE8}") = "test", "test", "{9058EED4-3432-6216-8E67-71B1759484A3}"
EndProject
Project("{FAE04EC0-301F-11D3-BF4B-00C04F79EFBC}") = "ModularTemplate.Modules.Product.Domain.Tests", "src\Modules\Product\test\ModularTemplate.Modules.Product.Domain.Tests\ModularTemplate.Modules.Product.Domain.Tests.csproj", "{6010F99C-039E-4633-A985-A5D3D7B00FFC}"
EndProject
Project("{FAE04EC0-301F-11D3-BF4B-00C04F79EFBC}") = "ModularTemplate.Modules.Product.Application.Tests", "src\Modules\Product\test\ModularTemplate.Modules.Product.Application.Tests\ModularTemplate.Modules.Product.Application.Tests.csproj", "{FC89681C-FDE5-4799-988B-7754189A95B1}"
EndProject
Project("{2150E333-8FDC-42A3-9474-1A3956D46DE8}") = "test", "test", "{1EA78DA6-8B08-DA95-370D-025D82B0271F}"
EndProject
Project("{FAE04EC0-301F-11D3-BF4B-00C04F79EFBC}") = "ModularTemplate.Modules.Sales.Domain.Tests", "src\Modules\Sales\test\ModularTemplate.Modules.Sales.Domain.Tests\ModularTemplate.Modules.Sales.Domain.Tests.csproj", "{AFBED6EB-8DB9-4660-A7BE-49DFCE3A3B2D}"
EndProject
Project("{FAE04EC0-301F-11D3-BF4B-00C04F79EFBC}") = "ModularTemplate.Modules.Sales.Application.Tests", "src\Modules\Sales\test\ModularTemplate.Modules.Sales.Application.Tests\ModularTemplate.Modules.Sales.Application.Tests.csproj", "{E7E8D1CD-C13F-4E85-81BA-20F8ED76B4FB}"
EndProject
Global
	GlobalSection(SolutionConfigurationPlatforms) = preSolution
		Debug|Any CPU = Debug|Any CPU
		Debug|x64 = Debug|x64
		Debug|x86 = Debug|x86
		Release|Any CPU = Release|Any CPU
		Release|x64 = Release|x64
		Release|x86 = Release|x86
	EndGlobalSection
	GlobalSection(ProjectConfigurationPlatforms) = postSolution
		{E5F6A7B8-C9D0-1234-EF01-345678901234}.Debug|Any CPU.ActiveCfg = Debug|Any CPU
		{E5F6A7B8-C9D0-1234-EF01-345678901234}.Debug|Any CPU.Build.0 = Debug|Any CPU
		{E5F6A7B8-C9D0-1234-EF01-345678901234}.Debug|x64.ActiveCfg = Debug|Any CPU
		{E5F6A7B8-C9D0-1234-EF01-345678901234}.Debug|x64.Build.0 = Debug|Any CPU
		{E5F6A7B8-C9D0-1234-EF01-345678901234}.Debug|x86.ActiveCfg = Debug|Any CPU
		{E5F6A7B8-C9D0-1234-EF01-345678901234}.Debug|x86.Build.0 = Debug|Any CPU
		{E5F6A7B8-C9D0-1234-EF01-345678901234}.Release|Any CPU.ActiveCfg = Release|Any CPU
		{E5F6A7B8-C9D0-1234-EF01-345678901234}.Release|Any CPU.Build.0 = Release|Any CPU
		{E5F6A7B8-C9D0-1234-EF01-345678901234}.Release|x64.ActiveCfg = Release|Any CPU
		{E5F6A7B8-C9D0-1234-EF01-345678901234}.Release|x64.Build.0 = Release|Any CPU
		{E5F6A7B8-C9D0-1234-EF01-345678901234}.Release|x86.ActiveCfg = Release|Any CPU
		{E5F6A7B8-C9D0-1234-EF01-345678901234}.Release|x86.Build.0 = Release|Any CPU
		{F6A7B8C9-D0E1-2345-F012-456789012345}.Debug|Any CPU.ActiveCfg = Debug|Any CPU
		{F6A7B8C9-D0E1-2345-F012-456789012345}.Debug|Any CPU.Build.0 = Debug|Any CPU
		{F6A7B8C9-D0E1-2345-F012-456789012345}.Debug|x64.ActiveCfg = Debug|Any CPU
		{F6A7B8C9-D0E1-2345-F012-456789012345}.Debug|x64.Build.0 = Debug|Any CPU
		{F6A7B8C9-D0E1-2345-F012-456789012345}.Debug|x86.ActiveCfg = Debug|Any CPU
		{F6A7B8C9-D0E1-2345-F012-456789012345}.Debug|x86.Build.0 = Debug|Any CPU
		{F6A7B8C9-D0E1-2345-F012-456789012345}.Release|Any CPU.ActiveCfg = Release|Any CPU
		{F6A7B8C9-D0E1-2345-F012-456789012345}.Release|Any CPU.Build.0 = Release|Any CPU
		{F6A7B8C9-D0E1-2345-F012-456789012345}.Release|x64.ActiveCfg = Release|Any CPU
		{F6A7B8C9-D0E1-2345-F012-456789012345}.Release|x64.Build.0 = Release|Any CPU
		{F6A7B8C9-D0E1-2345-F012-456789012345}.Release|x86.ActiveCfg = Release|Any CPU
		{F6A7B8C9-D0E1-2345-F012-456789012345}.Release|x86.Build.0 = Release|Any CPU
		{A7B8C9D0-E1F2-3456-0123-567890123456}.Debug|Any CPU.ActiveCfg = Debug|Any CPU
		{A7B8C9D0-E1F2-3456-0123-567890123456}.Debug|Any CPU.Build.0 = Debug|Any CPU
		{A7B8C9D0-E1F2-3456-0123-567890123456}.Debug|x64.ActiveCfg = Debug|Any CPU
		{A7B8C9D0-E1F2-3456-0123-567890123456}.Debug|x64.Build.0 = Debug|Any CPU
		{A7B8C9D0-E1F2-3456-0123-567890123456}.Debug|x86.ActiveCfg = Debug|Any CPU
		{A7B8C9D0-E1F2-3456-0123-567890123456}.Debug|x86.Build.0 = Debug|Any CPU
		{A7B8C9D0-E1F2-3456-0123-567890123456}.Release|Any CPU.ActiveCfg = Release|Any CPU
		{A7B8C9D0-E1F2-3456-0123-567890123456}.Release|Any CPU.Build.0 = Release|Any CPU
		{A7B8C9D0-E1F2-3456-0123-567890123456}.Release|x64.ActiveCfg = Release|Any CPU
		{A7B8C9D0-E1F2-3456-0123-567890123456}.Release|x64.Build.0 = Release|Any CPU
		{A7B8C9D0-E1F2-3456-0123-567890123456}.Release|x86.ActiveCfg = Release|Any CPU
		{A7B8C9D0-E1F2-3456-0123-567890123456}.Release|x86.Build.0 = Release|Any CPU
		{B8C9D0E1-F2A3-4567-1234-678901234567}.Debug|Any CPU.ActiveCfg = Debug|Any CPU
		{B8C9D0E1-F2A3-4567-1234-678901234567}.Debug|Any CPU.Build.0 = Debug|Any CPU
		{B8C9D0E1-F2A3-4567-1234-678901234567}.Debug|x64.ActiveCfg = Debug|Any CPU
		{B8C9D0E1-F2A3-4567-1234-678901234567}.Debug|x64.Build.0 = Debug|Any CPU
		{B8C9D0E1-F2A3-4567-1234-678901234567}.Debug|x86.ActiveCfg = Debug|Any CPU
		{B8C9D0E1-F2A3-4567-1234-678901234567}.Debug|x86.Build.0 = Debug|Any CPU
		{B8C9D0E1-F2A3-4567-1234-678901234567}.Release|Any CPU.ActiveCfg = Release|Any CPU
		{B8C9D0E1-F2A3-4567-1234-678901234567}.Release|Any CPU.Build.0 = Release|Any CPU
		{B8C9D0E1-F2A3-4567-1234-678901234567}.Release|x64.ActiveCfg = Release|Any CPU
		{B8C9D0E1-F2A3-4567-1234-678901234567}.Release|x64.Build.0 = Release|Any CPU
		{B8C9D0E1-F2A3-4567-1234-678901234567}.Release|x86.ActiveCfg = Release|Any CPU
		{B8C9D0E1-F2A3-4567-1234-678901234567}.Release|x86.Build.0 = Release|Any CPU
		{C9D0E1F2-A3B4-5678-2345-789012345678}.Debug|Any CPU.ActiveCfg = Debug|Any CPU
		{C9D0E1F2-A3B4-5678-2345-789012345678}.Debug|Any CPU.Build.0 = Debug|Any CPU
		{C9D0E1F2-A3B4-5678-2345-789012345678}.Debug|x64.ActiveCfg = Debug|Any CPU
		{C9D0E1F2-A3B4-5678-2345-789012345678}.Debug|x64.Build.0 = Debug|Any CPU
		{C9D0E1F2-A3B4-5678-2345-789012345678}.Debug|x86.ActiveCfg = Debug|Any CPU
		{C9D0E1F2-A3B4-5678-2345-789012345678}.Debug|x86.Build.0 = Debug|Any CPU
		{C9D0E1F2-A3B4-5678-2345-789012345678}.Release|Any CPU.ActiveCfg = Release|Any CPU
		{C9D0E1F2-A3B4-5678-2345-789012345678}.Release|Any CPU.Build.0 = Release|Any CPU
		{C9D0E1F2-A3B4-5678-2345-789012345678}.Release|x64.ActiveCfg = Release|Any CPU
		{C9D0E1F2-A3B4-5678-2345-789012345678}.Release|x64.Build.0 = Release|Any CPU
		{C9D0E1F2-A3B4-5678-2345-789012345678}.Release|x86.ActiveCfg = Release|Any CPU
		{C9D0E1F2-A3B4-5678-2345-789012345678}.Release|x86.Build.0 = Release|Any CPU
		{77777777-7777-7777-7777-777777777777}.Debug|Any CPU.ActiveCfg = Debug|Any CPU
		{77777777-7777-7777-7777-777777777777}.Debug|Any CPU.Build.0 = Debug|Any CPU
		{77777777-7777-7777-7777-777777777777}.Debug|x64.ActiveCfg = Debug|Any CPU
		{77777777-7777-7777-7777-777777777777}.Debug|x64.Build.0 = Debug|Any CPU
		{77777777-7777-7777-7777-777777777777}.Debug|x86.ActiveCfg = Debug|Any CPU
		{77777777-7777-7777-7777-777777777777}.Debug|x86.Build.0 = Debug|Any CPU
		{77777777-7777-7777-7777-777777777777}.Release|Any CPU.ActiveCfg = Release|Any CPU
		{77777777-7777-7777-7777-777777777777}.Release|Any CPU.Build.0 = Release|Any CPU
		{77777777-7777-7777-7777-777777777777}.Release|x64.ActiveCfg = Release|Any CPU
		{77777777-7777-7777-7777-777777777777}.Release|x64.Build.0 = Release|Any CPU
		{77777777-7777-7777-7777-777777777777}.Release|x86.ActiveCfg = Release|Any CPU
		{77777777-7777-7777-7777-777777777777}.Release|x86.Build.0 = Release|Any CPU
		{B2EAACFF-A197-41CE-BE3D-07A0A0772EA8}.Debug|Any CPU.ActiveCfg = Debug|Any CPU
		{B2EAACFF-A197-41CE-BE3D-07A0A0772EA8}.Debug|Any CPU.Build.0 = Debug|Any CPU
		{B2EAACFF-A197-41CE-BE3D-07A0A0772EA8}.Debug|x64.ActiveCfg = Debug|Any CPU
		{B2EAACFF-A197-41CE-BE3D-07A0A0772EA8}.Debug|x64.Build.0 = Debug|Any CPU
		{B2EAACFF-A197-41CE-BE3D-07A0A0772EA8}.Debug|x86.ActiveCfg = Debug|Any CPU
		{B2EAACFF-A197-41CE-BE3D-07A0A0772EA8}.Debug|x86.Build.0 = Debug|Any CPU
		{B2EAACFF-A197-41CE-BE3D-07A0A0772EA8}.Release|Any CPU.ActiveCfg = Release|Any CPU
		{B2EAACFF-A197-41CE-BE3D-07A0A0772EA8}.Release|Any CPU.Build.0 = Release|Any CPU
		{B2EAACFF-A197-41CE-BE3D-07A0A0772EA8}.Release|x64.ActiveCfg = Release|Any CPU
		{B2EAACFF-A197-41CE-BE3D-07A0A0772EA8}.Release|x64.Build.0 = Release|Any CPU
		{B2EAACFF-A197-41CE-BE3D-07A0A0772EA8}.Release|x86.ActiveCfg = Release|Any CPU
		{B2EAACFF-A197-41CE-BE3D-07A0A0772EA8}.Release|x86.Build.0 = Release|Any CPU
		{0FCD0F38-8509-419D-AAF7-D028DE7D706A}.Debug|Any CPU.ActiveCfg = Debug|Any CPU
		{0FCD0F38-8509-419D-AAF7-D028DE7D706A}.Debug|Any CPU.Build.0 = Debug|Any CPU
		{0FCD0F38-8509-419D-AAF7-D028DE7D706A}.Debug|x64.ActiveCfg = Debug|Any CPU
		{0FCD0F38-8509-419D-AAF7-D028DE7D706A}.Debug|x64.Build.0 = Debug|Any CPU
		{0FCD0F38-8509-419D-AAF7-D028DE7D706A}.Debug|x86.ActiveCfg = Debug|Any CPU
		{0FCD0F38-8509-419D-AAF7-D028DE7D706A}.Debug|x86.Build.0 = Debug|Any CPU
		{0FCD0F38-8509-419D-AAF7-D028DE7D706A}.Release|Any CPU.ActiveCfg = Release|Any CPU
		{0FCD0F38-8509-419D-AAF7-D028DE7D706A}.Release|Any CPU.Build.0 = Release|Any CPU
		{0FCD0F38-8509-419D-AAF7-D028DE7D706A}.Release|x64.ActiveCfg = Release|Any CPU
		{0FCD0F38-8509-419D-AAF7-D028DE7D706A}.Release|x64.Build.0 = Release|Any CPU
		{0FCD0F38-8509-419D-AAF7-D028DE7D706A}.Release|x86.ActiveCfg = Release|Any CPU
		{0FCD0F38-8509-419D-AAF7-D028DE7D706A}.Release|x86.Build.0 = Release|Any CPU
		{669554E2-7FD5-4E67-AB21-3A845234832B}.Debug|Any CPU.ActiveCfg = Debug|Any CPU
		{669554E2-7FD5-4E67-AB21-3A845234832B}.Debug|Any CPU.Build.0 = Debug|Any CPU
		{669554E2-7FD5-4E67-AB21-3A845234832B}.Debug|x64.ActiveCfg = Debug|Any CPU
		{669554E2-7FD5-4E67-AB21-3A845234832B}.Debug|x64.Build.0 = Debug|Any CPU
		{669554E2-7FD5-4E67-AB21-3A845234832B}.Debug|x86.ActiveCfg = Debug|Any CPU
		{669554E2-7FD5-4E67-AB21-3A845234832B}.Debug|x86.Build.0 = Debug|Any CPU
		{669554E2-7FD5-4E67-AB21-3A845234832B}.Release|Any CPU.ActiveCfg = Release|Any CPU
		{669554E2-7FD5-4E67-AB21-3A845234832B}.Release|Any CPU.Build.0 = Release|Any CPU
		{669554E2-7FD5-4E67-AB21-3A845234832B}.Release|x64.ActiveCfg = Release|Any CPU
		{669554E2-7FD5-4E67-AB21-3A845234832B}.Release|x64.Build.0 = Release|Any CPU
		{669554E2-7FD5-4E67-AB21-3A845234832B}.Release|x86.ActiveCfg = Release|Any CPU
		{669554E2-7FD5-4E67-AB21-3A845234832B}.Release|x86.Build.0 = Release|Any CPU
		{C3576F69-20DB-440D-BD53-8DAE00EF5D3A}.Debug|Any CPU.ActiveCfg = Debug|Any CPU
		{C3576F69-20DB-440D-BD53-8DAE00EF5D3A}.Debug|Any CPU.Build.0 = Debug|Any CPU
		{C3576F69-20DB-440D-BD53-8DAE00EF5D3A}.Debug|x64.ActiveCfg = Debug|Any CPU
		{C3576F69-20DB-440D-BD53-8DAE00EF5D3A}.Debug|x64.Build.0 = Debug|Any CPU
		{C3576F69-20DB-440D-BD53-8DAE00EF5D3A}.Debug|x86.ActiveCfg = Debug|Any CPU
		{C3576F69-20DB-440D-BD53-8DAE00EF5D3A}.Debug|x86.Build.0 = Debug|Any CPU
		{C3576F69-20DB-440D-BD53-8DAE00EF5D3A}.Release|Any CPU.ActiveCfg = Release|Any CPU
		{C3576F69-20DB-440D-BD53-8DAE00EF5D3A}.Release|Any CPU.Build.0 = Release|Any CPU
		{C3576F69-20DB-440D-BD53-8DAE00EF5D3A}.Release|x64.ActiveCfg = Release|Any CPU
		{C3576F69-20DB-440D-BD53-8DAE00EF5D3A}.Release|x64.Build.0 = Release|Any CPU
		{C3576F69-20DB-440D-BD53-8DAE00EF5D3A}.Release|x86.ActiveCfg = Release|Any CPU
		{C3576F69-20DB-440D-BD53-8DAE00EF5D3A}.Release|x86.Build.0 = Release|Any CPU
		{63C47541-7654-409D-8DB4-BA045427725F}.Debug|Any CPU.ActiveCfg = Debug|Any CPU
		{63C47541-7654-409D-8DB4-BA045427725F}.Debug|Any CPU.Build.0 = Debug|Any CPU
		{63C47541-7654-409D-8DB4-BA045427725F}.Debug|x64.ActiveCfg = Debug|Any CPU
		{63C47541-7654-409D-8DB4-BA045427725F}.Debug|x64.Build.0 = Debug|Any CPU
		{63C47541-7654-409D-8DB4-BA045427725F}.Debug|x86.ActiveCfg = Debug|Any CPU
		{63C47541-7654-409D-8DB4-BA045427725F}.Debug|x86.Build.0 = Debug|Any CPU
		{63C47541-7654-409D-8DB4-BA045427725F}.Release|Any CPU.ActiveCfg = Release|Any CPU
		{63C47541-7654-409D-8DB4-BA045427725F}.Release|Any CPU.Build.0 = Release|Any CPU
		{63C47541-7654-409D-8DB4-BA045427725F}.Release|x64.ActiveCfg = Release|Any CPU
		{63C47541-7654-409D-8DB4-BA045427725F}.Release|x64.Build.0 = Release|Any CPU
		{63C47541-7654-409D-8DB4-BA045427725F}.Release|x86.ActiveCfg = Release|Any CPU
		{63C47541-7654-409D-8DB4-BA045427725F}.Release|x86.Build.0 = Release|Any CPU
		{167CAECA-4AA2-4F97-AE4F-3A822445F2BF}.Debug|Any CPU.ActiveCfg = Debug|Any CPU
		{167CAECA-4AA2-4F97-AE4F-3A822445F2BF}.Debug|Any CPU.Build.0 = Debug|Any CPU
		{167CAECA-4AA2-4F97-AE4F-3A822445F2BF}.Debug|x64.ActiveCfg = Debug|Any CPU
		{167CAECA-4AA2-4F97-AE4F-3A822445F2BF}.Debug|x64.Build.0 = Debug|Any CPU
		{167CAECA-4AA2-4F97-AE4F-3A822445F2BF}.Debug|x86.ActiveCfg = Debug|Any CPU
		{167CAECA-4AA2-4F97-AE4F-3A822445F2BF}.Debug|x86.Build.0 = Debug|Any CPU
		{167CAECA-4AA2-4F97-AE4F-3A822445F2BF}.Release|Any CPU.ActiveCfg = Release|Any CPU
		{167CAECA-4AA2-4F97-AE4F-3A822445F2BF}.Release|Any CPU.Build.0 = Release|Any CPU
		{167CAECA-4AA2-4F97-AE4F-3A822445F2BF}.Release|x64.ActiveCfg = Release|Any CPU
		{167CAECA-4AA2-4F97-AE4F-3A822445F2BF}.Release|x64.Build.0 = Release|Any CPU
		{167CAECA-4AA2-4F97-AE4F-3A822445F2BF}.Release|x86.ActiveCfg = Release|Any CPU
		{167CAECA-4AA2-4F97-AE4F-3A822445F2BF}.Release|x86.Build.0 = Release|Any CPU
		{5879098A-2DB3-437A-AB24-D714BF41DE3B}.Debug|Any CPU.ActiveCfg = Debug|Any CPU
		{5879098A-2DB3-437A-AB24-D714BF41DE3B}.Debug|Any CPU.Build.0 = Debug|Any CPU
		{5879098A-2DB3-437A-AB24-D714BF41DE3B}.Debug|x64.ActiveCfg = Debug|Any CPU
		{5879098A-2DB3-437A-AB24-D714BF41DE3B}.Debug|x64.Build.0 = Debug|Any CPU
		{5879098A-2DB3-437A-AB24-D714BF41DE3B}.Debug|x86.ActiveCfg = Debug|Any CPU
		{5879098A-2DB3-437A-AB24-D714BF41DE3B}.Debug|x86.Build.0 = Debug|Any CPU
		{5879098A-2DB3-437A-AB24-D714BF41DE3B}.Release|Any CPU.ActiveCfg = Release|Any CPU
		{5879098A-2DB3-437A-AB24-D714BF41DE3B}.Release|Any CPU.Build.0 = Release|Any CPU
		{5879098A-2DB3-437A-AB24-D714BF41DE3B}.Release|x64.ActiveCfg = Release|Any CPU
		{5879098A-2DB3-437A-AB24-D714BF41DE3B}.Release|x64.Build.0 = Release|Any CPU
		{5879098A-2DB3-437A-AB24-D714BF41DE3B}.Release|x86.ActiveCfg = Release|Any CPU
		{5879098A-2DB3-437A-AB24-D714BF41DE3B}.Release|x86.Build.0 = Release|Any CPU
		{CE2D77F8-B6C7-4BE3-BA94-F7530E869DB9}.Debug|Any CPU.ActiveCfg = Debug|Any CPU
		{CE2D77F8-B6C7-4BE3-BA94-F7530E869DB9}.Debug|Any CPU.Build.0 = Debug|Any CPU
		{CE2D77F8-B6C7-4BE3-BA94-F7530E869DB9}.Debug|x64.ActiveCfg = Debug|Any CPU
		{CE2D77F8-B6C7-4BE3-BA94-F7530E869DB9}.Debug|x64.Build.0 = Debug|Any CPU
		{CE2D77F8-B6C7-4BE3-BA94-F7530E869DB9}.Debug|x86.ActiveCfg = Debug|Any CPU
		{CE2D77F8-B6C7-4BE3-BA94-F7530E869DB9}.Debug|x86.Build.0 = Debug|Any CPU
		{CE2D77F8-B6C7-4BE3-BA94-F7530E869DB9}.Release|Any CPU.ActiveCfg = Release|Any CPU
		{CE2D77F8-B6C7-4BE3-BA94-F7530E869DB9}.Release|Any CPU.Build.0 = Release|Any CPU
		{CE2D77F8-B6C7-4BE3-BA94-F7530E869DB9}.Release|x64.ActiveCfg = Release|Any CPU
		{CE2D77F8-B6C7-4BE3-BA94-F7530E869DB9}.Release|x64.Build.0 = Release|Any CPU
		{CE2D77F8-B6C7-4BE3-BA94-F7530E869DB9}.Release|x86.ActiveCfg = Release|Any CPU
		{CE2D77F8-B6C7-4BE3-BA94-F7530E869DB9}.Release|x86.Build.0 = Release|Any CPU
		{AA87B7B7-CEA3-4E5C-B62C-8EAC2B8898D6}.Debug|Any CPU.ActiveCfg = Debug|Any CPU
		{AA87B7B7-CEA3-4E5C-B62C-8EAC2B8898D6}.Debug|Any CPU.Build.0 = Debug|Any CPU
		{AA87B7B7-CEA3-4E5C-B62C-8EAC2B8898D6}.Debug|x64.ActiveCfg = Debug|Any CPU
		{AA87B7B7-CEA3-4E5C-B62C-8EAC2B8898D6}.Debug|x64.Build.0 = Debug|Any CPU
		{AA87B7B7-CEA3-4E5C-B62C-8EAC2B8898D6}.Debug|x86.ActiveCfg = Debug|Any CPU
		{AA87B7B7-CEA3-4E5C-B62C-8EAC2B8898D6}.Debug|x86.Build.0 = Debug|Any CPU
		{AA87B7B7-CEA3-4E5C-B62C-8EAC2B8898D6}.Release|Any CPU.ActiveCfg = Release|Any CPU
		{AA87B7B7-CEA3-4E5C-B62C-8EAC2B8898D6}.Release|Any CPU.Build.0 = Release|Any CPU
		{AA87B7B7-CEA3-4E5C-B62C-8EAC2B8898D6}.Release|x64.ActiveCfg = Release|Any CPU
		{AA87B7B7-CEA3-4E5C-B62C-8EAC2B8898D6}.Release|x64.Build.0 = Release|Any CPU
		{AA87B7B7-CEA3-4E5C-B62C-8EAC2B8898D6}.Release|x86.ActiveCfg = Release|Any CPU
		{AA87B7B7-CEA3-4E5C-B62C-8EAC2B8898D6}.Release|x86.Build.0 = Release|Any CPU
		{63A5CEAD-1133-4137-A4F8-4303B14CCC29}.Debug|Any CPU.ActiveCfg = Debug|Any CPU
		{63A5CEAD-1133-4137-A4F8-4303B14CCC29}.Debug|Any CPU.Build.0 = Debug|Any CPU
		{63A5CEAD-1133-4137-A4F8-4303B14CCC29}.Debug|x64.ActiveCfg = Debug|Any CPU
		{63A5CEAD-1133-4137-A4F8-4303B14CCC29}.Debug|x64.Build.0 = Debug|Any CPU
		{63A5CEAD-1133-4137-A4F8-4303B14CCC29}.Debug|x86.ActiveCfg = Debug|Any CPU
		{63A5CEAD-1133-4137-A4F8-4303B14CCC29}.Debug|x86.Build.0 = Debug|Any CPU
		{63A5CEAD-1133-4137-A4F8-4303B14CCC29}.Release|Any CPU.ActiveCfg = Release|Any CPU
		{63A5CEAD-1133-4137-A4F8-4303B14CCC29}.Release|Any CPU.Build.0 = Release|Any CPU
		{63A5CEAD-1133-4137-A4F8-4303B14CCC29}.Release|x64.ActiveCfg = Release|Any CPU
		{63A5CEAD-1133-4137-A4F8-4303B14CCC29}.Release|x64.Build.0 = Release|Any CPU
		{63A5CEAD-1133-4137-A4F8-4303B14CCC29}.Release|x86.ActiveCfg = Release|Any CPU
		{63A5CEAD-1133-4137-A4F8-4303B14CCC29}.Release|x86.Build.0 = Release|Any CPU
		{25B13C2D-1496-4D86-82AF-4B416EC0DEED}.Debug|Any CPU.ActiveCfg = Debug|Any CPU
		{25B13C2D-1496-4D86-82AF-4B416EC0DEED}.Debug|Any CPU.Build.0 = Debug|Any CPU
		{25B13C2D-1496-4D86-82AF-4B416EC0DEED}.Debug|x64.ActiveCfg = Debug|Any CPU
		{25B13C2D-1496-4D86-82AF-4B416EC0DEED}.Debug|x64.Build.0 = Debug|Any CPU
		{25B13C2D-1496-4D86-82AF-4B416EC0DEED}.Debug|x86.ActiveCfg = Debug|Any CPU
		{25B13C2D-1496-4D86-82AF-4B416EC0DEED}.Debug|x86.Build.0 = Debug|Any CPU
		{25B13C2D-1496-4D86-82AF-4B416EC0DEED}.Release|Any CPU.ActiveCfg = Release|Any CPU
		{25B13C2D-1496-4D86-82AF-4B416EC0DEED}.Release|Any CPU.Build.0 = Release|Any CPU
		{25B13C2D-1496-4D86-82AF-4B416EC0DEED}.Release|x64.ActiveCfg = Release|Any CPU
		{25B13C2D-1496-4D86-82AF-4B416EC0DEED}.Release|x64.Build.0 = Release|Any CPU
		{25B13C2D-1496-4D86-82AF-4B416EC0DEED}.Release|x86.ActiveCfg = Release|Any CPU
		{25B13C2D-1496-4D86-82AF-4B416EC0DEED}.Release|x86.Build.0 = Release|Any CPU
		{A4E7DD2B-B904-4AA4-B196-D134609FE46C}.Debug|Any CPU.ActiveCfg = Debug|Any CPU
		{A4E7DD2B-B904-4AA4-B196-D134609FE46C}.Debug|Any CPU.Build.0 = Debug|Any CPU
		{A4E7DD2B-B904-4AA4-B196-D134609FE46C}.Debug|x64.ActiveCfg = Debug|Any CPU
		{A4E7DD2B-B904-4AA4-B196-D134609FE46C}.Debug|x64.Build.0 = Debug|Any CPU
		{A4E7DD2B-B904-4AA4-B196-D134609FE46C}.Debug|x86.ActiveCfg = Debug|Any CPU
		{A4E7DD2B-B904-4AA4-B196-D134609FE46C}.Debug|x86.Build.0 = Debug|Any CPU
		{A4E7DD2B-B904-4AA4-B196-D134609FE46C}.Release|Any CPU.ActiveCfg = Release|Any CPU
		{A4E7DD2B-B904-4AA4-B196-D134609FE46C}.Release|Any CPU.Build.0 = Release|Any CPU
		{A4E7DD2B-B904-4AA4-B196-D134609FE46C}.Release|x64.ActiveCfg = Release|Any CPU
		{A4E7DD2B-B904-4AA4-B196-D134609FE46C}.Release|x64.Build.0 = Release|Any CPU
		{A4E7DD2B-B904-4AA4-B196-D134609FE46C}.Release|x86.ActiveCfg = Release|Any CPU
		{A4E7DD2B-B904-4AA4-B196-D134609FE46C}.Release|x86.Build.0 = Release|Any CPU
		{84D65A12-0560-4583-9B26-715294362703}.Debug|Any CPU.ActiveCfg = Debug|Any CPU
		{84D65A12-0560-4583-9B26-715294362703}.Debug|Any CPU.Build.0 = Debug|Any CPU
		{84D65A12-0560-4583-9B26-715294362703}.Debug|x64.ActiveCfg = Debug|Any CPU
		{84D65A12-0560-4583-9B26-715294362703}.Debug|x64.Build.0 = Debug|Any CPU
		{84D65A12-0560-4583-9B26-715294362703}.Debug|x86.ActiveCfg = Debug|Any CPU
		{84D65A12-0560-4583-9B26-715294362703}.Debug|x86.Build.0 = Debug|Any CPU
		{84D65A12-0560-4583-9B26-715294362703}.Release|Any CPU.ActiveCfg = Release|Any CPU
		{84D65A12-0560-4583-9B26-715294362703}.Release|Any CPU.Build.0 = Release|Any CPU
		{84D65A12-0560-4583-9B26-715294362703}.Release|x64.ActiveCfg = Release|Any CPU
		{84D65A12-0560-4583-9B26-715294362703}.Release|x64.Build.0 = Release|Any CPU
		{84D65A12-0560-4583-9B26-715294362703}.Release|x86.ActiveCfg = Release|Any CPU
		{84D65A12-0560-4583-9B26-715294362703}.Release|x86.Build.0 = Release|Any CPU
		{2F2298F5-5C4A-4071-9FC0-3D642C545EB0}.Debug|Any CPU.ActiveCfg = Debug|Any CPU
		{2F2298F5-5C4A-4071-9FC0-3D642C545EB0}.Debug|Any CPU.Build.0 = Debug|Any CPU
		{2F2298F5-5C4A-4071-9FC0-3D642C545EB0}.Debug|x64.ActiveCfg = Debug|Any CPU
		{2F2298F5-5C4A-4071-9FC0-3D642C545EB0}.Debug|x64.Build.0 = Debug|Any CPU
		{2F2298F5-5C4A-4071-9FC0-3D642C545EB0}.Debug|x86.ActiveCfg = Debug|Any CPU
		{2F2298F5-5C4A-4071-9FC0-3D642C545EB0}.Debug|x86.Build.0 = Debug|Any CPU
		{2F2298F5-5C4A-4071-9FC0-3D642C545EB0}.Release|Any CPU.ActiveCfg = Release|Any CPU
		{2F2298F5-5C4A-4071-9FC0-3D642C545EB0}.Release|Any CPU.Build.0 = Release|Any CPU
		{2F2298F5-5C4A-4071-9FC0-3D642C545EB0}.Release|x64.ActiveCfg = Release|Any CPU
		{2F2298F5-5C4A-4071-9FC0-3D642C545EB0}.Release|x64.Build.0 = Release|Any CPU
		{2F2298F5-5C4A-4071-9FC0-3D642C545EB0}.Release|x86.ActiveCfg = Release|Any CPU
		{2F2298F5-5C4A-4071-9FC0-3D642C545EB0}.Release|x86.Build.0 = Release|Any CPU
		{690240BD-4077-4DB1-929B-8A5B8A58A22F}.Debug|Any CPU.ActiveCfg = Debug|Any CPU
		{690240BD-4077-4DB1-929B-8A5B8A58A22F}.Debug|Any CPU.Build.0 = Debug|Any CPU
		{690240BD-4077-4DB1-929B-8A5B8A58A22F}.Debug|x64.ActiveCfg = Debug|Any CPU
		{690240BD-4077-4DB1-929B-8A5B8A58A22F}.Debug|x64.Build.0 = Debug|Any CPU
		{690240BD-4077-4DB1-929B-8A5B8A58A22F}.Debug|x86.ActiveCfg = Debug|Any CPU
		{690240BD-4077-4DB1-929B-8A5B8A58A22F}.Debug|x86.Build.0 = Debug|Any CPU
		{690240BD-4077-4DB1-929B-8A5B8A58A22F}.Release|Any CPU.ActiveCfg = Release|Any CPU
		{690240BD-4077-4DB1-929B-8A5B8A58A22F}.Release|Any CPU.Build.0 = Release|Any CPU
		{690240BD-4077-4DB1-929B-8A5B8A58A22F}.Release|x64.ActiveCfg = Release|Any CPU
		{690240BD-4077-4DB1-929B-8A5B8A58A22F}.Release|x64.Build.0 = Release|Any CPU
		{690240BD-4077-4DB1-929B-8A5B8A58A22F}.Release|x86.ActiveCfg = Release|Any CPU
		{690240BD-4077-4DB1-929B-8A5B8A58A22F}.Release|x86.Build.0 = Release|Any CPU
		{E66C60B9-BF26-4A3C-ADED-75C35791AEC6}.Debug|Any CPU.ActiveCfg = Debug|Any CPU
		{E66C60B9-BF26-4A3C-ADED-75C35791AEC6}.Debug|Any CPU.Build.0 = Debug|Any CPU
		{E66C60B9-BF26-4A3C-ADED-75C35791AEC6}.Debug|x64.ActiveCfg = Debug|Any CPU
		{E66C60B9-BF26-4A3C-ADED-75C35791AEC6}.Debug|x64.Build.0 = Debug|Any CPU
		{E66C60B9-BF26-4A3C-ADED-75C35791AEC6}.Debug|x86.ActiveCfg = Debug|Any CPU
		{E66C60B9-BF26-4A3C-ADED-75C35791AEC6}.Debug|x86.Build.0 = Debug|Any CPU
		{E66C60B9-BF26-4A3C-ADED-75C35791AEC6}.Release|Any CPU.ActiveCfg = Release|Any CPU
		{E66C60B9-BF26-4A3C-ADED-75C35791AEC6}.Release|Any CPU.Build.0 = Release|Any CPU
		{E66C60B9-BF26-4A3C-ADED-75C35791AEC6}.Release|x64.ActiveCfg = Release|Any CPU
		{E66C60B9-BF26-4A3C-ADED-75C35791AEC6}.Release|x64.Build.0 = Release|Any CPU
		{E66C60B9-BF26-4A3C-ADED-75C35791AEC6}.Release|x86.ActiveCfg = Release|Any CPU
		{E66C60B9-BF26-4A3C-ADED-75C35791AEC6}.Release|x86.Build.0 = Release|Any CPU
		{D91A1B40-B621-47B9-BDF0-CA1C9066144D}.Debug|Any CPU.ActiveCfg = Debug|Any CPU
		{D91A1B40-B621-47B9-BDF0-CA1C9066144D}.Debug|Any CPU.Build.0 = Debug|Any CPU
		{D91A1B40-B621-47B9-BDF0-CA1C9066144D}.Debug|x64.ActiveCfg = Debug|Any CPU
		{D91A1B40-B621-47B9-BDF0-CA1C9066144D}.Debug|x64.Build.0 = Debug|Any CPU
		{D91A1B40-B621-47B9-BDF0-CA1C9066144D}.Debug|x86.ActiveCfg = Debug|Any CPU
		{D91A1B40-B621-47B9-BDF0-CA1C9066144D}.Debug|x86.Build.0 = Debug|Any CPU
		{D91A1B40-B621-47B9-BDF0-CA1C9066144D}.Release|Any CPU.ActiveCfg = Release|Any CPU
		{D91A1B40-B621-47B9-BDF0-CA1C9066144D}.Release|Any CPU.Build.0 = Release|Any CPU
		{D91A1B40-B621-47B9-BDF0-CA1C9066144D}.Release|x64.ActiveCfg = Release|Any CPU
		{D91A1B40-B621-47B9-BDF0-CA1C9066144D}.Release|x64.Build.0 = Release|Any CPU
		{D91A1B40-B621-47B9-BDF0-CA1C9066144D}.Release|x86.ActiveCfg = Release|Any CPU
		{D91A1B40-B621-47B9-BDF0-CA1C9066144D}.Release|x86.Build.0 = Release|Any CPU
		{A88859C7-7AFB-43CC-8BA5-243C2F38A40A}.Debug|Any CPU.ActiveCfg = Debug|Any CPU
		{A88859C7-7AFB-43CC-8BA5-243C2F38A40A}.Debug|Any CPU.Build.0 = Debug|Any CPU
		{A88859C7-7AFB-43CC-8BA5-243C2F38A40A}.Debug|x64.ActiveCfg = Debug|Any CPU
		{A88859C7-7AFB-43CC-8BA5-243C2F38A40A}.Debug|x64.Build.0 = Debug|Any CPU
		{A88859C7-7AFB-43CC-8BA5-243C2F38A40A}.Debug|x86.ActiveCfg = Debug|Any CPU
		{A88859C7-7AFB-43CC-8BA5-243C2F38A40A}.Debug|x86.Build.0 = Debug|Any CPU
		{A88859C7-7AFB-43CC-8BA5-243C2F38A40A}.Release|Any CPU.ActiveCfg = Release|Any CPU
		{A88859C7-7AFB-43CC-8BA5-243C2F38A40A}.Release|Any CPU.Build.0 = Release|Any CPU
		{A88859C7-7AFB-43CC-8BA5-243C2F38A40A}.Release|x64.ActiveCfg = Release|Any CPU
		{A88859C7-7AFB-43CC-8BA5-243C2F38A40A}.Release|x64.Build.0 = Release|Any CPU
		{A88859C7-7AFB-43CC-8BA5-243C2F38A40A}.Release|x86.ActiveCfg = Release|Any CPU
		{A88859C7-7AFB-43CC-8BA5-243C2F38A40A}.Release|x86.Build.0 = Release|Any CPU
		{0D0F31C8-41D1-4BE9-BE55-2234F45D6469}.Debug|Any CPU.ActiveCfg = Debug|Any CPU
		{0D0F31C8-41D1-4BE9-BE55-2234F45D6469}.Debug|Any CPU.Build.0 = Debug|Any CPU
		{0D0F31C8-41D1-4BE9-BE55-2234F45D6469}.Debug|x64.ActiveCfg = Debug|Any CPU
		{0D0F31C8-41D1-4BE9-BE55-2234F45D6469}.Debug|x64.Build.0 = Debug|Any CPU
		{0D0F31C8-41D1-4BE9-BE55-2234F45D6469}.Debug|x86.ActiveCfg = Debug|Any CPU
		{0D0F31C8-41D1-4BE9-BE55-2234F45D6469}.Debug|x86.Build.0 = Debug|Any CPU
		{0D0F31C8-41D1-4BE9-BE55-2234F45D6469}.Release|Any CPU.ActiveCfg = Release|Any CPU
		{0D0F31C8-41D1-4BE9-BE55-2234F45D6469}.Release|Any CPU.Build.0 = Release|Any CPU
		{0D0F31C8-41D1-4BE9-BE55-2234F45D6469}.Release|x64.ActiveCfg = Release|Any CPU
		{0D0F31C8-41D1-4BE9-BE55-2234F45D6469}.Release|x64.Build.0 = Release|Any CPU
		{0D0F31C8-41D1-4BE9-BE55-2234F45D6469}.Release|x86.ActiveCfg = Release|Any CPU
		{0D0F31C8-41D1-4BE9-BE55-2234F45D6469}.Release|x86.Build.0 = Release|Any CPU
		{769C6A2F-1C5F-4F54-A66D-3D88797E02D0}.Debug|Any CPU.ActiveCfg = Debug|Any CPU
		{769C6A2F-1C5F-4F54-A66D-3D88797E02D0}.Debug|Any CPU.Build.0 = Debug|Any CPU
		{769C6A2F-1C5F-4F54-A66D-3D88797E02D0}.Debug|x64.ActiveCfg = Debug|Any CPU
		{769C6A2F-1C5F-4F54-A66D-3D88797E02D0}.Debug|x64.Build.0 = Debug|Any CPU
		{769C6A2F-1C5F-4F54-A66D-3D88797E02D0}.Debug|x86.ActiveCfg = Debug|Any CPU
		{769C6A2F-1C5F-4F54-A66D-3D88797E02D0}.Debug|x86.Build.0 = Debug|Any CPU
		{769C6A2F-1C5F-4F54-A66D-3D88797E02D0}.Release|Any CPU.ActiveCfg = Release|Any CPU
		{769C6A2F-1C5F-4F54-A66D-3D88797E02D0}.Release|Any CPU.Build.0 = Release|Any CPU
		{769C6A2F-1C5F-4F54-A66D-3D88797E02D0}.Release|x64.ActiveCfg = Release|Any CPU
		{769C6A2F-1C5F-4F54-A66D-3D88797E02D0}.Release|x64.Build.0 = Release|Any CPU
		{769C6A2F-1C5F-4F54-A66D-3D88797E02D0}.Release|x86.ActiveCfg = Release|Any CPU
		{769C6A2F-1C5F-4F54-A66D-3D88797E02D0}.Release|x86.Build.0 = Release|Any CPU
		{F20A8826-F622-4151-9410-17C4731903E7}.Debug|Any CPU.ActiveCfg = Debug|Any CPU
		{F20A8826-F622-4151-9410-17C4731903E7}.Debug|Any CPU.Build.0 = Debug|Any CPU
		{F20A8826-F622-4151-9410-17C4731903E7}.Debug|x64.ActiveCfg = Debug|Any CPU
		{F20A8826-F622-4151-9410-17C4731903E7}.Debug|x64.Build.0 = Debug|Any CPU
		{F20A8826-F622-4151-9410-17C4731903E7}.Debug|x86.ActiveCfg = Debug|Any CPU
		{F20A8826-F622-4151-9410-17C4731903E7}.Debug|x86.Build.0 = Debug|Any CPU
		{F20A8826-F622-4151-9410-17C4731903E7}.Release|Any CPU.ActiveCfg = Release|Any CPU
		{F20A8826-F622-4151-9410-17C4731903E7}.Release|Any CPU.Build.0 = Release|Any CPU
		{F20A8826-F622-4151-9410-17C4731903E7}.Release|x64.ActiveCfg = Release|Any CPU
		{F20A8826-F622-4151-9410-17C4731903E7}.Release|x64.Build.0 = Release|Any CPU
		{F20A8826-F622-4151-9410-17C4731903E7}.Release|x86.ActiveCfg = Release|Any CPU
		{F20A8826-F622-4151-9410-17C4731903E7}.Release|x86.Build.0 = Release|Any CPU
		{C3600574-AB25-4F34-B894-563DF134E33D}.Debug|Any CPU.ActiveCfg = Debug|Any CPU
		{C3600574-AB25-4F34-B894-563DF134E33D}.Debug|Any CPU.Build.0 = Debug|Any CPU
		{C3600574-AB25-4F34-B894-563DF134E33D}.Debug|x64.ActiveCfg = Debug|Any CPU
		{C3600574-AB25-4F34-B894-563DF134E33D}.Debug|x64.Build.0 = Debug|Any CPU
		{C3600574-AB25-4F34-B894-563DF134E33D}.Debug|x86.ActiveCfg = Debug|Any CPU
		{C3600574-AB25-4F34-B894-563DF134E33D}.Debug|x86.Build.0 = Debug|Any CPU
		{C3600574-AB25-4F34-B894-563DF134E33D}.Release|Any CPU.ActiveCfg = Release|Any CPU
		{C3600574-AB25-4F34-B894-563DF134E33D}.Release|Any CPU.Build.0 = Release|Any CPU
		{C3600574-AB25-4F34-B894-563DF134E33D}.Release|x64.ActiveCfg = Release|Any CPU
		{C3600574-AB25-4F34-B894-563DF134E33D}.Release|x64.Build.0 = Release|Any CPU
		{C3600574-AB25-4F34-B894-563DF134E33D}.Release|x86.ActiveCfg = Release|Any CPU
		{C3600574-AB25-4F34-B894-563DF134E33D}.Release|x86.Build.0 = Release|Any CPU
		{43611BF7-76B4-4F02-99E1-A47D4A7407E3}.Debug|Any CPU.ActiveCfg = Debug|Any CPU
		{43611BF7-76B4-4F02-99E1-A47D4A7407E3}.Debug|Any CPU.Build.0 = Debug|Any CPU
		{43611BF7-76B4-4F02-99E1-A47D4A7407E3}.Debug|x64.ActiveCfg = Debug|Any CPU
		{43611BF7-76B4-4F02-99E1-A47D4A7407E3}.Debug|x64.Build.0 = Debug|Any CPU
		{43611BF7-76B4-4F02-99E1-A47D4A7407E3}.Debug|x86.ActiveCfg = Debug|Any CPU
		{43611BF7-76B4-4F02-99E1-A47D4A7407E3}.Debug|x86.Build.0 = Debug|Any CPU
		{43611BF7-76B4-4F02-99E1-A47D4A7407E3}.Release|Any CPU.ActiveCfg = Release|Any CPU
		{43611BF7-76B4-4F02-99E1-A47D4A7407E3}.Release|Any CPU.Build.0 = Release|Any CPU
		{43611BF7-76B4-4F02-99E1-A47D4A7407E3}.Release|x64.ActiveCfg = Release|Any CPU
		{43611BF7-76B4-4F02-99E1-A47D4A7407E3}.Release|x64.Build.0 = Release|Any CPU
		{43611BF7-76B4-4F02-99E1-A47D4A7407E3}.Release|x86.ActiveCfg = Release|Any CPU
		{43611BF7-76B4-4F02-99E1-A47D4A7407E3}.Release|x86.Build.0 = Release|Any CPU
		{7C05ED06-1CA6-4083-8489-8011E1483E8E}.Debug|Any CPU.ActiveCfg = Debug|Any CPU
		{7C05ED06-1CA6-4083-8489-8011E1483E8E}.Debug|Any CPU.Build.0 = Debug|Any CPU
		{7C05ED06-1CA6-4083-8489-8011E1483E8E}.Debug|x64.ActiveCfg = Debug|Any CPU
		{7C05ED06-1CA6-4083-8489-8011E1483E8E}.Debug|x64.Build.0 = Debug|Any CPU
		{7C05ED06-1CA6-4083-8489-8011E1483E8E}.Debug|x86.ActiveCfg = Debug|Any CPU
		{7C05ED06-1CA6-4083-8489-8011E1483E8E}.Debug|x86.Build.0 = Debug|Any CPU
		{7C05ED06-1CA6-4083-8489-8011E1483E8E}.Release|Any CPU.ActiveCfg = Release|Any CPU
		{7C05ED06-1CA6-4083-8489-8011E1483E8E}.Release|Any CPU.Build.0 = Release|Any CPU
		{7C05ED06-1CA6-4083-8489-8011E1483E8E}.Release|x64.ActiveCfg = Release|Any CPU
		{7C05ED06-1CA6-4083-8489-8011E1483E8E}.Release|x64.Build.0 = Release|Any CPU
		{7C05ED06-1CA6-4083-8489-8011E1483E8E}.Release|x86.ActiveCfg = Release|Any CPU
		{7C05ED06-1CA6-4083-8489-8011E1483E8E}.Release|x86.Build.0 = Release|Any CPU
		{76589666-DCC4-4D14-A55A-6675E371BF82}.Debug|Any CPU.ActiveCfg = Debug|Any CPU
		{76589666-DCC4-4D14-A55A-6675E371BF82}.Debug|Any CPU.Build.0 = Debug|Any CPU
		{76589666-DCC4-4D14-A55A-6675E371BF82}.Debug|x64.ActiveCfg = Debug|Any CPU
		{76589666-DCC4-4D14-A55A-6675E371BF82}.Debug|x64.Build.0 = Debug|Any CPU
		{76589666-DCC4-4D14-A55A-6675E371BF82}.Debug|x86.ActiveCfg = Debug|Any CPU
		{76589666-DCC4-4D14-A55A-6675E371BF82}.Debug|x86.Build.0 = Debug|Any CPU
		{76589666-DCC4-4D14-A55A-6675E371BF82}.Release|Any CPU.ActiveCfg = Release|Any CPU
		{76589666-DCC4-4D14-A55A-6675E371BF82}.Release|Any CPU.Build.0 = Release|Any CPU
		{76589666-DCC4-4D14-A55A-6675E371BF82}.Release|x64.ActiveCfg = Release|Any CPU
		{76589666-DCC4-4D14-A55A-6675E371BF82}.Release|x64.Build.0 = Release|Any CPU
		{76589666-DCC4-4D14-A55A-6675E371BF82}.Release|x86.ActiveCfg = Release|Any CPU
		{76589666-DCC4-4D14-A55A-6675E371BF82}.Release|x86.Build.0 = Release|Any CPU
		{6D7C77CD-D943-4947-883D-AC912CF54BB1}.Debug|Any CPU.ActiveCfg = Debug|Any CPU
		{6D7C77CD-D943-4947-883D-AC912CF54BB1}.Debug|Any CPU.Build.0 = Debug|Any CPU
		{6D7C77CD-D943-4947-883D-AC912CF54BB1}.Debug|x64.ActiveCfg = Debug|Any CPU
		{6D7C77CD-D943-4947-883D-AC912CF54BB1}.Debug|x64.Build.0 = Debug|Any CPU
		{6D7C77CD-D943-4947-883D-AC912CF54BB1}.Debug|x86.ActiveCfg = Debug|Any CPU
		{6D7C77CD-D943-4947-883D-AC912CF54BB1}.Debug|x86.Build.0 = Debug|Any CPU
		{6D7C77CD-D943-4947-883D-AC912CF54BB1}.Release|Any CPU.ActiveCfg = Release|Any CPU
		{6D7C77CD-D943-4947-883D-AC912CF54BB1}.Release|Any CPU.Build.0 = Release|Any CPU
		{6D7C77CD-D943-4947-883D-AC912CF54BB1}.Release|x64.ActiveCfg = Release|Any CPU
		{6D7C77CD-D943-4947-883D-AC912CF54BB1}.Release|x64.Build.0 = Release|Any CPU
		{6D7C77CD-D943-4947-883D-AC912CF54BB1}.Release|x86.ActiveCfg = Release|Any CPU
		{6D7C77CD-D943-4947-883D-AC912CF54BB1}.Release|x86.Build.0 = Release|Any CPU
		{F5001F32-1753-4007-A094-36947A98CF95}.Debug|Any CPU.ActiveCfg = Debug|Any CPU
		{F5001F32-1753-4007-A094-36947A98CF95}.Debug|Any CPU.Build.0 = Debug|Any CPU
		{F5001F32-1753-4007-A094-36947A98CF95}.Debug|x64.ActiveCfg = Debug|Any CPU
		{F5001F32-1753-4007-A094-36947A98CF95}.Debug|x64.Build.0 = Debug|Any CPU
		{F5001F32-1753-4007-A094-36947A98CF95}.Debug|x86.ActiveCfg = Debug|Any CPU
		{F5001F32-1753-4007-A094-36947A98CF95}.Debug|x86.Build.0 = Debug|Any CPU
		{F5001F32-1753-4007-A094-36947A98CF95}.Release|Any CPU.ActiveCfg = Release|Any CPU
		{F5001F32-1753-4007-A094-36947A98CF95}.Release|Any CPU.Build.0 = Release|Any CPU
		{F5001F32-1753-4007-A094-36947A98CF95}.Release|x64.ActiveCfg = Release|Any CPU
		{F5001F32-1753-4007-A094-36947A98CF95}.Release|x64.Build.0 = Release|Any CPU
		{F5001F32-1753-4007-A094-36947A98CF95}.Release|x86.ActiveCfg = Release|Any CPU
		{F5001F32-1753-4007-A094-36947A98CF95}.Release|x86.Build.0 = Release|Any CPU
		{162B5C89-E593-4845-92E6-248A3E3FBC70}.Debug|Any CPU.ActiveCfg = Debug|Any CPU
		{162B5C89-E593-4845-92E6-248A3E3FBC70}.Debug|Any CPU.Build.0 = Debug|Any CPU
		{162B5C89-E593-4845-92E6-248A3E3FBC70}.Debug|x64.ActiveCfg = Debug|Any CPU
		{162B5C89-E593-4845-92E6-248A3E3FBC70}.Debug|x64.Build.0 = Debug|Any CPU
		{162B5C89-E593-4845-92E6-248A3E3FBC70}.Debug|x86.ActiveCfg = Debug|Any CPU
		{162B5C89-E593-4845-92E6-248A3E3FBC70}.Debug|x86.Build.0 = Debug|Any CPU
		{162B5C89-E593-4845-92E6-248A3E3FBC70}.Release|Any CPU.ActiveCfg = Release|Any CPU
		{162B5C89-E593-4845-92E6-248A3E3FBC70}.Release|Any CPU.Build.0 = Release|Any CPU
		{162B5C89-E593-4845-92E6-248A3E3FBC70}.Release|x64.ActiveCfg = Release|Any CPU
		{162B5C89-E593-4845-92E6-248A3E3FBC70}.Release|x64.Build.0 = Release|Any CPU
		{162B5C89-E593-4845-92E6-248A3E3FBC70}.Release|x86.ActiveCfg = Release|Any CPU
		{162B5C89-E593-4845-92E6-248A3E3FBC70}.Release|x86.Build.0 = Release|Any CPU
		{BA249F15-5E58-4417-BA7D-E6A3B13C2EFC}.Debug|Any CPU.ActiveCfg = Debug|Any CPU
		{BA249F15-5E58-4417-BA7D-E6A3B13C2EFC}.Debug|Any CPU.Build.0 = Debug|Any CPU
		{BA249F15-5E58-4417-BA7D-E6A3B13C2EFC}.Debug|x64.ActiveCfg = Debug|Any CPU
		{BA249F15-5E58-4417-BA7D-E6A3B13C2EFC}.Debug|x64.Build.0 = Debug|Any CPU
		{BA249F15-5E58-4417-BA7D-E6A3B13C2EFC}.Debug|x86.ActiveCfg = Debug|Any CPU
		{BA249F15-5E58-4417-BA7D-E6A3B13C2EFC}.Debug|x86.Build.0 = Debug|Any CPU
		{BA249F15-5E58-4417-BA7D-E6A3B13C2EFC}.Release|Any CPU.ActiveCfg = Release|Any CPU
		{BA249F15-5E58-4417-BA7D-E6A3B13C2EFC}.Release|Any CPU.Build.0 = Release|Any CPU
		{BA249F15-5E58-4417-BA7D-E6A3B13C2EFC}.Release|x64.ActiveCfg = Release|Any CPU
		{BA249F15-5E58-4417-BA7D-E6A3B13C2EFC}.Release|x64.Build.0 = Release|Any CPU
		{BA249F15-5E58-4417-BA7D-E6A3B13C2EFC}.Release|x86.ActiveCfg = Release|Any CPU
		{BA249F15-5E58-4417-BA7D-E6A3B13C2EFC}.Release|x86.Build.0 = Release|Any CPU
		{C2C6FC63-5192-4E6B-9F35-C82E704CB93E}.Debug|Any CPU.ActiveCfg = Debug|Any CPU
		{C2C6FC63-5192-4E6B-9F35-C82E704CB93E}.Debug|Any CPU.Build.0 = Debug|Any CPU
		{C2C6FC63-5192-4E6B-9F35-C82E704CB93E}.Debug|x64.ActiveCfg = Debug|Any CPU
		{C2C6FC63-5192-4E6B-9F35-C82E704CB93E}.Debug|x64.Build.0 = Debug|Any CPU
		{C2C6FC63-5192-4E6B-9F35-C82E704CB93E}.Debug|x86.ActiveCfg = Debug|Any CPU
		{C2C6FC63-5192-4E6B-9F35-C82E704CB93E}.Debug|x86.Build.0 = Debug|Any CPU
		{C2C6FC63-5192-4E6B-9F35-C82E704CB93E}.Release|Any CPU.ActiveCfg = Release|Any CPU
		{C2C6FC63-5192-4E6B-9F35-C82E704CB93E}.Release|Any CPU.Build.0 = Release|Any CPU
		{C2C6FC63-5192-4E6B-9F35-C82E704CB93E}.Release|x64.ActiveCfg = Release|Any CPU
		{C2C6FC63-5192-4E6B-9F35-C82E704CB93E}.Release|x64.Build.0 = Release|Any CPU
		{C2C6FC63-5192-4E6B-9F35-C82E704CB93E}.Release|x86.ActiveCfg = Release|Any CPU
		{C2C6FC63-5192-4E6B-9F35-C82E704CB93E}.Release|x86.Build.0 = Release|Any CPU
		{38D8B77C-4916-47CF-86C5-AB0D44208679}.Debug|Any CPU.ActiveCfg = Debug|Any CPU
		{38D8B77C-4916-47CF-86C5-AB0D44208679}.Debug|Any CPU.Build.0 = Debug|Any CPU
		{38D8B77C-4916-47CF-86C5-AB0D44208679}.Debug|x64.ActiveCfg = Debug|Any CPU
		{38D8B77C-4916-47CF-86C5-AB0D44208679}.Debug|x64.Build.0 = Debug|Any CPU
		{38D8B77C-4916-47CF-86C5-AB0D44208679}.Debug|x86.ActiveCfg = Debug|Any CPU
		{38D8B77C-4916-47CF-86C5-AB0D44208679}.Debug|x86.Build.0 = Debug|Any CPU
		{38D8B77C-4916-47CF-86C5-AB0D44208679}.Release|Any CPU.ActiveCfg = Release|Any CPU
		{38D8B77C-4916-47CF-86C5-AB0D44208679}.Release|Any CPU.Build.0 = Release|Any CPU
		{38D8B77C-4916-47CF-86C5-AB0D44208679}.Release|x64.ActiveCfg = Release|Any CPU
		{38D8B77C-4916-47CF-86C5-AB0D44208679}.Release|x64.Build.0 = Release|Any CPU
		{38D8B77C-4916-47CF-86C5-AB0D44208679}.Release|x86.ActiveCfg = Release|Any CPU
		{38D8B77C-4916-47CF-86C5-AB0D44208679}.Release|x86.Build.0 = Release|Any CPU
		{BCA061CF-6D5A-432E-B341-691E92DBE828}.Debug|Any CPU.ActiveCfg = Debug|Any CPU
		{BCA061CF-6D5A-432E-B341-691E92DBE828}.Debug|Any CPU.Build.0 = Debug|Any CPU
		{BCA061CF-6D5A-432E-B341-691E92DBE828}.Debug|x64.ActiveCfg = Debug|Any CPU
		{BCA061CF-6D5A-432E-B341-691E92DBE828}.Debug|x64.Build.0 = Debug|Any CPU
		{BCA061CF-6D5A-432E-B341-691E92DBE828}.Debug|x86.ActiveCfg = Debug|Any CPU
		{BCA061CF-6D5A-432E-B341-691E92DBE828}.Debug|x86.Build.0 = Debug|Any CPU
		{BCA061CF-6D5A-432E-B341-691E92DBE828}.Release|Any CPU.ActiveCfg = Release|Any CPU
		{BCA061CF-6D5A-432E-B341-691E92DBE828}.Release|Any CPU.Build.0 = Release|Any CPU
		{BCA061CF-6D5A-432E-B341-691E92DBE828}.Release|x64.ActiveCfg = Release|Any CPU
		{BCA061CF-6D5A-432E-B341-691E92DBE828}.Release|x64.Build.0 = Release|Any CPU
		{BCA061CF-6D5A-432E-B341-691E92DBE828}.Release|x86.ActiveCfg = Release|Any CPU
		{BCA061CF-6D5A-432E-B341-691E92DBE828}.Release|x86.Build.0 = Release|Any CPU
		{EAEA3F18-D48D-47AC-B811-333C1A5E9933}.Debug|Any CPU.ActiveCfg = Debug|Any CPU
		{EAEA3F18-D48D-47AC-B811-333C1A5E9933}.Debug|Any CPU.Build.0 = Debug|Any CPU
		{EAEA3F18-D48D-47AC-B811-333C1A5E9933}.Debug|x64.ActiveCfg = Debug|Any CPU
		{EAEA3F18-D48D-47AC-B811-333C1A5E9933}.Debug|x64.Build.0 = Debug|Any CPU
		{EAEA3F18-D48D-47AC-B811-333C1A5E9933}.Debug|x86.ActiveCfg = Debug|Any CPU
		{EAEA3F18-D48D-47AC-B811-333C1A5E9933}.Debug|x86.Build.0 = Debug|Any CPU
		{EAEA3F18-D48D-47AC-B811-333C1A5E9933}.Release|Any CPU.ActiveCfg = Release|Any CPU
		{EAEA3F18-D48D-47AC-B811-333C1A5E9933}.Release|Any CPU.Build.0 = Release|Any CPU
		{EAEA3F18-D48D-47AC-B811-333C1A5E9933}.Release|x64.ActiveCfg = Release|Any CPU
		{EAEA3F18-D48D-47AC-B811-333C1A5E9933}.Release|x64.Build.0 = Release|Any CPU
		{EAEA3F18-D48D-47AC-B811-333C1A5E9933}.Release|x86.ActiveCfg = Release|Any CPU
		{EAEA3F18-D48D-47AC-B811-333C1A5E9933}.Release|x86.Build.0 = Release|Any CPU
		{812275F7-74A9-4FC2-9A98-9A4FD683570D}.Debug|Any CPU.ActiveCfg = Debug|Any CPU
		{812275F7-74A9-4FC2-9A98-9A4FD683570D}.Debug|Any CPU.Build.0 = Debug|Any CPU
		{812275F7-74A9-4FC2-9A98-9A4FD683570D}.Debug|x64.ActiveCfg = Debug|Any CPU
		{812275F7-74A9-4FC2-9A98-9A4FD683570D}.Debug|x64.Build.0 = Debug|Any CPU
		{812275F7-74A9-4FC2-9A98-9A4FD683570D}.Debug|x86.ActiveCfg = Debug|Any CPU
		{812275F7-74A9-4FC2-9A98-9A4FD683570D}.Debug|x86.Build.0 = Debug|Any CPU
		{812275F7-74A9-4FC2-9A98-9A4FD683570D}.Release|Any CPU.ActiveCfg = Release|Any CPU
		{812275F7-74A9-4FC2-9A98-9A4FD683570D}.Release|Any CPU.Build.0 = Release|Any CPU
		{812275F7-74A9-4FC2-9A98-9A4FD683570D}.Release|x64.ActiveCfg = Release|Any CPU
		{812275F7-74A9-4FC2-9A98-9A4FD683570D}.Release|x64.Build.0 = Release|Any CPU
		{812275F7-74A9-4FC2-9A98-9A4FD683570D}.Release|x86.ActiveCfg = Release|Any CPU
		{812275F7-74A9-4FC2-9A98-9A4FD683570D}.Release|x86.Build.0 = Release|Any CPU
		{001C514C-0416-40CA-892B-2F395D46EBE9}.Debug|Any CPU.ActiveCfg = Debug|Any CPU
		{001C514C-0416-40CA-892B-2F395D46EBE9}.Debug|Any CPU.Build.0 = Debug|Any CPU
		{001C514C-0416-40CA-892B-2F395D46EBE9}.Debug|x64.ActiveCfg = Debug|Any CPU
		{001C514C-0416-40CA-892B-2F395D46EBE9}.Debug|x64.Build.0 = Debug|Any CPU
		{001C514C-0416-40CA-892B-2F395D46EBE9}.Debug|x86.ActiveCfg = Debug|Any CPU
		{001C514C-0416-40CA-892B-2F395D46EBE9}.Debug|x86.Build.0 = Debug|Any CPU
		{001C514C-0416-40CA-892B-2F395D46EBE9}.Release|Any CPU.ActiveCfg = Release|Any CPU
		{001C514C-0416-40CA-892B-2F395D46EBE9}.Release|Any CPU.Build.0 = Release|Any CPU
		{001C514C-0416-40CA-892B-2F395D46EBE9}.Release|x64.ActiveCfg = Release|Any CPU
		{001C514C-0416-40CA-892B-2F395D46EBE9}.Release|x64.Build.0 = Release|Any CPU
		{001C514C-0416-40CA-892B-2F395D46EBE9}.Release|x86.ActiveCfg = Release|Any CPU
		{001C514C-0416-40CA-892B-2F395D46EBE9}.Release|x86.Build.0 = Release|Any CPU
		{DCC07720-D865-4BD9-BB84-DC62945328D1}.Debug|Any CPU.ActiveCfg = Debug|Any CPU
		{DCC07720-D865-4BD9-BB84-DC62945328D1}.Debug|Any CPU.Build.0 = Debug|Any CPU
		{DCC07720-D865-4BD9-BB84-DC62945328D1}.Debug|x64.ActiveCfg = Debug|Any CPU
		{DCC07720-D865-4BD9-BB84-DC62945328D1}.Debug|x64.Build.0 = Debug|Any CPU
		{DCC07720-D865-4BD9-BB84-DC62945328D1}.Debug|x86.ActiveCfg = Debug|Any CPU
		{DCC07720-D865-4BD9-BB84-DC62945328D1}.Debug|x86.Build.0 = Debug|Any CPU
		{DCC07720-D865-4BD9-BB84-DC62945328D1}.Release|Any CPU.ActiveCfg = Release|Any CPU
		{DCC07720-D865-4BD9-BB84-DC62945328D1}.Release|Any CPU.Build.0 = Release|Any CPU
		{DCC07720-D865-4BD9-BB84-DC62945328D1}.Release|x64.ActiveCfg = Release|Any CPU
		{DCC07720-D865-4BD9-BB84-DC62945328D1}.Release|x64.Build.0 = Release|Any CPU
		{DCC07720-D865-4BD9-BB84-DC62945328D1}.Release|x86.ActiveCfg = Release|Any CPU
		{DCC07720-D865-4BD9-BB84-DC62945328D1}.Release|x86.Build.0 = Release|Any CPU
		{6773C282-E79C-427A-B132-D74AA34204FD}.Debug|Any CPU.ActiveCfg = Debug|Any CPU
		{6773C282-E79C-427A-B132-D74AA34204FD}.Debug|Any CPU.Build.0 = Debug|Any CPU
		{6773C282-E79C-427A-B132-D74AA34204FD}.Debug|x64.ActiveCfg = Debug|Any CPU
		{6773C282-E79C-427A-B132-D74AA34204FD}.Debug|x64.Build.0 = Debug|Any CPU
		{6773C282-E79C-427A-B132-D74AA34204FD}.Debug|x86.ActiveCfg = Debug|Any CPU
		{6773C282-E79C-427A-B132-D74AA34204FD}.Debug|x86.Build.0 = Debug|Any CPU
		{6773C282-E79C-427A-B132-D74AA34204FD}.Release|Any CPU.ActiveCfg = Release|Any CPU
		{6773C282-E79C-427A-B132-D74AA34204FD}.Release|Any CPU.Build.0 = Release|Any CPU
		{6773C282-E79C-427A-B132-D74AA34204FD}.Release|x64.ActiveCfg = Release|Any CPU
		{6773C282-E79C-427A-B132-D74AA34204FD}.Release|x64.Build.0 = Release|Any CPU
		{6773C282-E79C-427A-B132-D74AA34204FD}.Release|x86.ActiveCfg = Release|Any CPU
		{6773C282-E79C-427A-B132-D74AA34204FD}.Release|x86.Build.0 = Release|Any CPU
		{9FC548F7-3747-42BF-91A6-6A622CE20E93}.Debug|Any CPU.ActiveCfg = Debug|Any CPU
		{9FC548F7-3747-42BF-91A6-6A622CE20E93}.Debug|Any CPU.Build.0 = Debug|Any CPU
		{9FC548F7-3747-42BF-91A6-6A622CE20E93}.Debug|x64.ActiveCfg = Debug|Any CPU
		{9FC548F7-3747-42BF-91A6-6A622CE20E93}.Debug|x64.Build.0 = Debug|Any CPU
		{9FC548F7-3747-42BF-91A6-6A622CE20E93}.Debug|x86.ActiveCfg = Debug|Any CPU
		{9FC548F7-3747-42BF-91A6-6A622CE20E93}.Debug|x86.Build.0 = Debug|Any CPU
		{9FC548F7-3747-42BF-91A6-6A622CE20E93}.Release|Any CPU.ActiveCfg = Release|Any CPU
		{9FC548F7-3747-42BF-91A6-6A622CE20E93}.Release|Any CPU.Build.0 = Release|Any CPU
		{9FC548F7-3747-42BF-91A6-6A622CE20E93}.Release|x64.ActiveCfg = Release|Any CPU
		{9FC548F7-3747-42BF-91A6-6A622CE20E93}.Release|x64.Build.0 = Release|Any CPU
		{9FC548F7-3747-42BF-91A6-6A622CE20E93}.Release|x86.ActiveCfg = Release|Any CPU
		{9FC548F7-3747-42BF-91A6-6A622CE20E93}.Release|x86.Build.0 = Release|Any CPU
		{A125B4E0-1ABB-4C56-A37F-99C2AE327B12}.Debug|Any CPU.ActiveCfg = Debug|Any CPU
		{A125B4E0-1ABB-4C56-A37F-99C2AE327B12}.Debug|Any CPU.Build.0 = Debug|Any CPU
		{A125B4E0-1ABB-4C56-A37F-99C2AE327B12}.Debug|x64.ActiveCfg = Debug|Any CPU
		{A125B4E0-1ABB-4C56-A37F-99C2AE327B12}.Debug|x64.Build.0 = Debug|Any CPU
		{A125B4E0-1ABB-4C56-A37F-99C2AE327B12}.Debug|x86.ActiveCfg = Debug|Any CPU
		{A125B4E0-1ABB-4C56-A37F-99C2AE327B12}.Debug|x86.Build.0 = Debug|Any CPU
		{A125B4E0-1ABB-4C56-A37F-99C2AE327B12}.Release|Any CPU.ActiveCfg = Release|Any CPU
		{A125B4E0-1ABB-4C56-A37F-99C2AE327B12}.Release|Any CPU.Build.0 = Release|Any CPU
		{A125B4E0-1ABB-4C56-A37F-99C2AE327B12}.Release|x64.ActiveCfg = Release|Any CPU
		{A125B4E0-1ABB-4C56-A37F-99C2AE327B12}.Release|x64.Build.0 = Release|Any CPU
		{A125B4E0-1ABB-4C56-A37F-99C2AE327B12}.Release|x86.ActiveCfg = Release|Any CPU
		{A125B4E0-1ABB-4C56-A37F-99C2AE327B12}.Release|x86.Build.0 = Release|Any CPU
		{BBD7BEC5-A27F-4AC6-82BF-1A81381F15F8}.Debug|Any CPU.ActiveCfg = Debug|Any CPU
		{BBD7BEC5-A27F-4AC6-82BF-1A81381F15F8}.Debug|Any CPU.Build.0 = Debug|Any CPU
		{BBD7BEC5-A27F-4AC6-82BF-1A81381F15F8}.Debug|x64.ActiveCfg = Debug|Any CPU
		{BBD7BEC5-A27F-4AC6-82BF-1A81381F15F8}.Debug|x64.Build.0 = Debug|Any CPU
		{BBD7BEC5-A27F-4AC6-82BF-1A81381F15F8}.Debug|x86.ActiveCfg = Debug|Any CPU
		{BBD7BEC5-A27F-4AC6-82BF-1A81381F15F8}.Debug|x86.Build.0 = Debug|Any CPU
		{BBD7BEC5-A27F-4AC6-82BF-1A81381F15F8}.Release|Any CPU.ActiveCfg = Release|Any CPU
		{BBD7BEC5-A27F-4AC6-82BF-1A81381F15F8}.Release|Any CPU.Build.0 = Release|Any CPU
		{BBD7BEC5-A27F-4AC6-82BF-1A81381F15F8}.Release|x64.ActiveCfg = Release|Any CPU
		{BBD7BEC5-A27F-4AC6-82BF-1A81381F15F8}.Release|x64.Build.0 = Release|Any CPU
		{BBD7BEC5-A27F-4AC6-82BF-1A81381F15F8}.Release|x86.ActiveCfg = Release|Any CPU
		{BBD7BEC5-A27F-4AC6-82BF-1A81381F15F8}.Release|x86.Build.0 = Release|Any CPU
		{F9DA92CD-A9BE-479D-8001-FA86FD947939}.Debug|Any CPU.ActiveCfg = Debug|Any CPU
		{F9DA92CD-A9BE-479D-8001-FA86FD947939}.Debug|Any CPU.Build.0 = Debug|Any CPU
		{F9DA92CD-A9BE-479D-8001-FA86FD947939}.Debug|x64.ActiveCfg = Debug|Any CPU
		{F9DA92CD-A9BE-479D-8001-FA86FD947939}.Debug|x64.Build.0 = Debug|Any CPU
		{F9DA92CD-A9BE-479D-8001-FA86FD947939}.Debug|x86.ActiveCfg = Debug|Any CPU
		{F9DA92CD-A9BE-479D-8001-FA86FD947939}.Debug|x86.Build.0 = Debug|Any CPU
		{F9DA92CD-A9BE-479D-8001-FA86FD947939}.Release|Any CPU.ActiveCfg = Release|Any CPU
		{F9DA92CD-A9BE-479D-8001-FA86FD947939}.Release|Any CPU.Build.0 = Release|Any CPU
		{F9DA92CD-A9BE-479D-8001-FA86FD947939}.Release|x64.ActiveCfg = Release|Any CPU
		{F9DA92CD-A9BE-479D-8001-FA86FD947939}.Release|x64.Build.0 = Release|Any CPU
		{F9DA92CD-A9BE-479D-8001-FA86FD947939}.Release|x86.ActiveCfg = Release|Any CPU
		{F9DA92CD-A9BE-479D-8001-FA86FD947939}.Release|x86.Build.0 = Release|Any CPU
		{4CBCC97B-CB53-487E-8244-A209F8AAE47B}.Debug|Any CPU.ActiveCfg = Debug|Any CPU
		{4CBCC97B-CB53-487E-8244-A209F8AAE47B}.Debug|Any CPU.Build.0 = Debug|Any CPU
		{4CBCC97B-CB53-487E-8244-A209F8AAE47B}.Debug|x64.ActiveCfg = Debug|Any CPU
		{4CBCC97B-CB53-487E-8244-A209F8AAE47B}.Debug|x64.Build.0 = Debug|Any CPU
		{4CBCC97B-CB53-487E-8244-A209F8AAE47B}.Debug|x86.ActiveCfg = Debug|Any CPU
		{4CBCC97B-CB53-487E-8244-A209F8AAE47B}.Debug|x86.Build.0 = Debug|Any CPU
		{4CBCC97B-CB53-487E-8244-A209F8AAE47B}.Release|Any CPU.ActiveCfg = Release|Any CPU
		{4CBCC97B-CB53-487E-8244-A209F8AAE47B}.Release|Any CPU.Build.0 = Release|Any CPU
		{4CBCC97B-CB53-487E-8244-A209F8AAE47B}.Release|x64.ActiveCfg = Release|Any CPU
		{4CBCC97B-CB53-487E-8244-A209F8AAE47B}.Release|x64.Build.0 = Release|Any CPU
		{4CBCC97B-CB53-487E-8244-A209F8AAE47B}.Release|x86.ActiveCfg = Release|Any CPU
		{4CBCC97B-CB53-487E-8244-A209F8AAE47B}.Release|x86.Build.0 = Release|Any CPU
		{4973C517-3005-44D7-9497-7F59AAC851E5}.Debug|Any CPU.ActiveCfg = Debug|Any CPU
		{4973C517-3005-44D7-9497-7F59AAC851E5}.Debug|Any CPU.Build.0 = Debug|Any CPU
		{4973C517-3005-44D7-9497-7F59AAC851E5}.Debug|x64.ActiveCfg = Debug|Any CPU
		{4973C517-3005-44D7-9497-7F59AAC851E5}.Debug|x64.Build.0 = Debug|Any CPU
		{4973C517-3005-44D7-9497-7F59AAC851E5}.Debug|x86.ActiveCfg = Debug|Any CPU
		{4973C517-3005-44D7-9497-7F59AAC851E5}.Debug|x86.Build.0 = Debug|Any CPU
		{4973C517-3005-44D7-9497-7F59AAC851E5}.Release|Any CPU.ActiveCfg = Release|Any CPU
		{4973C517-3005-44D7-9497-7F59AAC851E5}.Release|Any CPU.Build.0 = Release|Any CPU
		{4973C517-3005-44D7-9497-7F59AAC851E5}.Release|x64.ActiveCfg = Release|Any CPU
		{4973C517-3005-44D7-9497-7F59AAC851E5}.Release|x64.Build.0 = Release|Any CPU
		{4973C517-3005-44D7-9497-7F59AAC851E5}.Release|x86.ActiveCfg = Release|Any CPU
		{4973C517-3005-44D7-9497-7F59AAC851E5}.Release|x86.Build.0 = Release|Any CPU
		{9DCA4EA3-EF46-4BEF-97EA-6DACCFF2A142}.Debug|Any CPU.ActiveCfg = Debug|Any CPU
		{9DCA4EA3-EF46-4BEF-97EA-6DACCFF2A142}.Debug|Any CPU.Build.0 = Debug|Any CPU
		{9DCA4EA3-EF46-4BEF-97EA-6DACCFF2A142}.Debug|x64.ActiveCfg = Debug|Any CPU
		{9DCA4EA3-EF46-4BEF-97EA-6DACCFF2A142}.Debug|x64.Build.0 = Debug|Any CPU
		{9DCA4EA3-EF46-4BEF-97EA-6DACCFF2A142}.Debug|x86.ActiveCfg = Debug|Any CPU
		{9DCA4EA3-EF46-4BEF-97EA-6DACCFF2A142}.Debug|x86.Build.0 = Debug|Any CPU
		{9DCA4EA3-EF46-4BEF-97EA-6DACCFF2A142}.Release|Any CPU.ActiveCfg = Release|Any CPU
		{9DCA4EA3-EF46-4BEF-97EA-6DACCFF2A142}.Release|Any CPU.Build.0 = Release|Any CPU
		{9DCA4EA3-EF46-4BEF-97EA-6DACCFF2A142}.Release|x64.ActiveCfg = Release|Any CPU
		{9DCA4EA3-EF46-4BEF-97EA-6DACCFF2A142}.Release|x64.Build.0 = Release|Any CPU
		{9DCA4EA3-EF46-4BEF-97EA-6DACCFF2A142}.Release|x86.ActiveCfg = Release|Any CPU
		{9DCA4EA3-EF46-4BEF-97EA-6DACCFF2A142}.Release|x86.Build.0 = Release|Any CPU
		{7A9783D9-35FD-4172-977F-DBBB9A37828F}.Debug|Any CPU.ActiveCfg = Debug|Any CPU
		{7A9783D9-35FD-4172-977F-DBBB9A37828F}.Debug|Any CPU.Build.0 = Debug|Any CPU
		{7A9783D9-35FD-4172-977F-DBBB9A37828F}.Debug|x64.ActiveCfg = Debug|Any CPU
		{7A9783D9-35FD-4172-977F-DBBB9A37828F}.Debug|x64.Build.0 = Debug|Any CPU
		{7A9783D9-35FD-4172-977F-DBBB9A37828F}.Debug|x86.ActiveCfg = Debug|Any CPU
		{7A9783D9-35FD-4172-977F-DBBB9A37828F}.Debug|x86.Build.0 = Debug|Any CPU
		{7A9783D9-35FD-4172-977F-DBBB9A37828F}.Release|Any CPU.ActiveCfg = Release|Any CPU
		{7A9783D9-35FD-4172-977F-DBBB9A37828F}.Release|Any CPU.Build.0 = Release|Any CPU
		{7A9783D9-35FD-4172-977F-DBBB9A37828F}.Release|x64.ActiveCfg = Release|Any CPU
		{7A9783D9-35FD-4172-977F-DBBB9A37828F}.Release|x64.Build.0 = Release|Any CPU
		{7A9783D9-35FD-4172-977F-DBBB9A37828F}.Release|x86.ActiveCfg = Release|Any CPU
		{7A9783D9-35FD-4172-977F-DBBB9A37828F}.Release|x86.Build.0 = Release|Any CPU
		{DFCAF79E-ED4D-472C-83A1-31DC16882E0D}.Debug|Any CPU.ActiveCfg = Debug|Any CPU
		{DFCAF79E-ED4D-472C-83A1-31DC16882E0D}.Debug|Any CPU.Build.0 = Debug|Any CPU
		{DFCAF79E-ED4D-472C-83A1-31DC16882E0D}.Debug|x64.ActiveCfg = Debug|Any CPU
		{DFCAF79E-ED4D-472C-83A1-31DC16882E0D}.Debug|x64.Build.0 = Debug|Any CPU
		{DFCAF79E-ED4D-472C-83A1-31DC16882E0D}.Debug|x86.ActiveCfg = Debug|Any CPU
		{DFCAF79E-ED4D-472C-83A1-31DC16882E0D}.Debug|x86.Build.0 = Debug|Any CPU
		{DFCAF79E-ED4D-472C-83A1-31DC16882E0D}.Release|Any CPU.ActiveCfg = Release|Any CPU
		{DFCAF79E-ED4D-472C-83A1-31DC16882E0D}.Release|Any CPU.Build.0 = Release|Any CPU
		{DFCAF79E-ED4D-472C-83A1-31DC16882E0D}.Release|x64.ActiveCfg = Release|Any CPU
		{DFCAF79E-ED4D-472C-83A1-31DC16882E0D}.Release|x64.Build.0 = Release|Any CPU
		{DFCAF79E-ED4D-472C-83A1-31DC16882E0D}.Release|x86.ActiveCfg = Release|Any CPU
		{DFCAF79E-ED4D-472C-83A1-31DC16882E0D}.Release|x86.Build.0 = Release|Any CPU
		{FE5E385C-AC51-4C6E-BE79-D9D1406A58FA}.Debug|Any CPU.ActiveCfg = Debug|Any CPU
		{FE5E385C-AC51-4C6E-BE79-D9D1406A58FA}.Debug|Any CPU.Build.0 = Debug|Any CPU
		{FE5E385C-AC51-4C6E-BE79-D9D1406A58FA}.Debug|x64.ActiveCfg = Debug|Any CPU
		{FE5E385C-AC51-4C6E-BE79-D9D1406A58FA}.Debug|x64.Build.0 = Debug|Any CPU
		{FE5E385C-AC51-4C6E-BE79-D9D1406A58FA}.Debug|x86.ActiveCfg = Debug|Any CPU
		{FE5E385C-AC51-4C6E-BE79-D9D1406A58FA}.Debug|x86.Build.0 = Debug|Any CPU
		{FE5E385C-AC51-4C6E-BE79-D9D1406A58FA}.Release|Any CPU.ActiveCfg = Release|Any CPU
		{FE5E385C-AC51-4C6E-BE79-D9D1406A58FA}.Release|Any CPU.Build.0 = Release|Any CPU
		{FE5E385C-AC51-4C6E-BE79-D9D1406A58FA}.Release|x64.ActiveCfg = Release|Any CPU
		{FE5E385C-AC51-4C6E-BE79-D9D1406A58FA}.Release|x64.Build.0 = Release|Any CPU
		{FE5E385C-AC51-4C6E-BE79-D9D1406A58FA}.Release|x86.ActiveCfg = Release|Any CPU
		{FE5E385C-AC51-4C6E-BE79-D9D1406A58FA}.Release|x86.Build.0 = Release|Any CPU
		{689FC564-CA4B-4644-84A3-4510FF66B5DC}.Debug|Any CPU.ActiveCfg = Debug|Any CPU
		{689FC564-CA4B-4644-84A3-4510FF66B5DC}.Debug|Any CPU.Build.0 = Debug|Any CPU
		{689FC564-CA4B-4644-84A3-4510FF66B5DC}.Debug|x64.ActiveCfg = Debug|Any CPU
		{689FC564-CA4B-4644-84A3-4510FF66B5DC}.Debug|x64.Build.0 = Debug|Any CPU
		{689FC564-CA4B-4644-84A3-4510FF66B5DC}.Debug|x86.ActiveCfg = Debug|Any CPU
		{689FC564-CA4B-4644-84A3-4510FF66B5DC}.Debug|x86.Build.0 = Debug|Any CPU
		{689FC564-CA4B-4644-84A3-4510FF66B5DC}.Release|Any CPU.ActiveCfg = Release|Any CPU
		{689FC564-CA4B-4644-84A3-4510FF66B5DC}.Release|Any CPU.Build.0 = Release|Any CPU
		{689FC564-CA4B-4644-84A3-4510FF66B5DC}.Release|x64.ActiveCfg = Release|Any CPU
		{689FC564-CA4B-4644-84A3-4510FF66B5DC}.Release|x64.Build.0 = Release|Any CPU
		{689FC564-CA4B-4644-84A3-4510FF66B5DC}.Release|x86.ActiveCfg = Release|Any CPU
		{689FC564-CA4B-4644-84A3-4510FF66B5DC}.Release|x86.Build.0 = Release|Any CPU
		{E59453EC-2AF9-4979-BA17-27DBDFC5CCCD}.Debug|Any CPU.ActiveCfg = Debug|Any CPU
		{E59453EC-2AF9-4979-BA17-27DBDFC5CCCD}.Debug|Any CPU.Build.0 = Debug|Any CPU
		{E59453EC-2AF9-4979-BA17-27DBDFC5CCCD}.Debug|x64.ActiveCfg = Debug|Any CPU
		{E59453EC-2AF9-4979-BA17-27DBDFC5CCCD}.Debug|x64.Build.0 = Debug|Any CPU
		{E59453EC-2AF9-4979-BA17-27DBDFC5CCCD}.Debug|x86.ActiveCfg = Debug|Any CPU
		{E59453EC-2AF9-4979-BA17-27DBDFC5CCCD}.Debug|x86.Build.0 = Debug|Any CPU
		{E59453EC-2AF9-4979-BA17-27DBDFC5CCCD}.Release|Any CPU.ActiveCfg = Release|Any CPU
		{E59453EC-2AF9-4979-BA17-27DBDFC5CCCD}.Release|Any CPU.Build.0 = Release|Any CPU
		{E59453EC-2AF9-4979-BA17-27DBDFC5CCCD}.Release|x64.ActiveCfg = Release|Any CPU
		{E59453EC-2AF9-4979-BA17-27DBDFC5CCCD}.Release|x64.Build.0 = Release|Any CPU
		{E59453EC-2AF9-4979-BA17-27DBDFC5CCCD}.Release|x86.ActiveCfg = Release|Any CPU
		{E59453EC-2AF9-4979-BA17-27DBDFC5CCCD}.Release|x86.Build.0 = Release|Any CPU
		{1C65FC8A-622E-4C4B-87FC-8D617B8CD342}.Debug|Any CPU.ActiveCfg = Debug|Any CPU
		{1C65FC8A-622E-4C4B-87FC-8D617B8CD342}.Debug|Any CPU.Build.0 = Debug|Any CPU
		{1C65FC8A-622E-4C4B-87FC-8D617B8CD342}.Debug|x64.ActiveCfg = Debug|Any CPU
		{1C65FC8A-622E-4C4B-87FC-8D617B8CD342}.Debug|x64.Build.0 = Debug|Any CPU
		{1C65FC8A-622E-4C4B-87FC-8D617B8CD342}.Debug|x86.ActiveCfg = Debug|Any CPU
		{1C65FC8A-622E-4C4B-87FC-8D617B8CD342}.Debug|x86.Build.0 = Debug|Any CPU
		{1C65FC8A-622E-4C4B-87FC-8D617B8CD342}.Release|Any CPU.ActiveCfg = Release|Any CPU
		{1C65FC8A-622E-4C4B-87FC-8D617B8CD342}.Release|Any CPU.Build.0 = Release|Any CPU
		{1C65FC8A-622E-4C4B-87FC-8D617B8CD342}.Release|x64.ActiveCfg = Release|Any CPU
		{1C65FC8A-622E-4C4B-87FC-8D617B8CD342}.Release|x64.Build.0 = Release|Any CPU
		{1C65FC8A-622E-4C4B-87FC-8D617B8CD342}.Release|x86.ActiveCfg = Release|Any CPU
		{1C65FC8A-622E-4C4B-87FC-8D617B8CD342}.Release|x86.Build.0 = Release|Any CPU
		{14D3D45F-61FA-4A28-BBCE-10800758208F}.Debug|Any CPU.ActiveCfg = Debug|Any CPU
		{14D3D45F-61FA-4A28-BBCE-10800758208F}.Debug|Any CPU.Build.0 = Debug|Any CPU
		{14D3D45F-61FA-4A28-BBCE-10800758208F}.Debug|x64.ActiveCfg = Debug|Any CPU
		{14D3D45F-61FA-4A28-BBCE-10800758208F}.Debug|x64.Build.0 = Debug|Any CPU
		{14D3D45F-61FA-4A28-BBCE-10800758208F}.Debug|x86.ActiveCfg = Debug|Any CPU
		{14D3D45F-61FA-4A28-BBCE-10800758208F}.Debug|x86.Build.0 = Debug|Any CPU
		{14D3D45F-61FA-4A28-BBCE-10800758208F}.Release|Any CPU.ActiveCfg = Release|Any CPU
		{14D3D45F-61FA-4A28-BBCE-10800758208F}.Release|Any CPU.Build.0 = Release|Any CPU
		{14D3D45F-61FA-4A28-BBCE-10800758208F}.Release|x64.ActiveCfg = Release|Any CPU
		{14D3D45F-61FA-4A28-BBCE-10800758208F}.Release|x64.Build.0 = Release|Any CPU
		{14D3D45F-61FA-4A28-BBCE-10800758208F}.Release|x86.ActiveCfg = Release|Any CPU
		{14D3D45F-61FA-4A28-BBCE-10800758208F}.Release|x86.Build.0 = Release|Any CPU
		{FEF03A22-51FD-4FE2-87C1-33D269A4B272}.Debug|Any CPU.ActiveCfg = Debug|Any CPU
		{FEF03A22-51FD-4FE2-87C1-33D269A4B272}.Debug|Any CPU.Build.0 = Debug|Any CPU
		{FEF03A22-51FD-4FE2-87C1-33D269A4B272}.Debug|x64.ActiveCfg = Debug|Any CPU
		{FEF03A22-51FD-4FE2-87C1-33D269A4B272}.Debug|x64.Build.0 = Debug|Any CPU
		{FEF03A22-51FD-4FE2-87C1-33D269A4B272}.Debug|x86.ActiveCfg = Debug|Any CPU
		{FEF03A22-51FD-4FE2-87C1-33D269A4B272}.Debug|x86.Build.0 = Debug|Any CPU
		{FEF03A22-51FD-4FE2-87C1-33D269A4B272}.Release|Any CPU.ActiveCfg = Release|Any CPU
		{FEF03A22-51FD-4FE2-87C1-33D269A4B272}.Release|Any CPU.Build.0 = Release|Any CPU
		{FEF03A22-51FD-4FE2-87C1-33D269A4B272}.Release|x64.ActiveCfg = Release|Any CPU
		{FEF03A22-51FD-4FE2-87C1-33D269A4B272}.Release|x64.Build.0 = Release|Any CPU
		{FEF03A22-51FD-4FE2-87C1-33D269A4B272}.Release|x86.ActiveCfg = Release|Any CPU
		{FEF03A22-51FD-4FE2-87C1-33D269A4B272}.Release|x86.Build.0 = Release|Any CPU
		{E947C09B-262D-4E8B-81E0-7453EDB3961F}.Debug|Any CPU.ActiveCfg = Debug|Any CPU
		{E947C09B-262D-4E8B-81E0-7453EDB3961F}.Debug|Any CPU.Build.0 = Debug|Any CPU
		{E947C09B-262D-4E8B-81E0-7453EDB3961F}.Debug|x64.ActiveCfg = Debug|Any CPU
		{E947C09B-262D-4E8B-81E0-7453EDB3961F}.Debug|x64.Build.0 = Debug|Any CPU
		{E947C09B-262D-4E8B-81E0-7453EDB3961F}.Debug|x86.ActiveCfg = Debug|Any CPU
		{E947C09B-262D-4E8B-81E0-7453EDB3961F}.Debug|x86.Build.0 = Debug|Any CPU
		{E947C09B-262D-4E8B-81E0-7453EDB3961F}.Release|Any CPU.ActiveCfg = Release|Any CPU
		{E947C09B-262D-4E8B-81E0-7453EDB3961F}.Release|Any CPU.Build.0 = Release|Any CPU
		{E947C09B-262D-4E8B-81E0-7453EDB3961F}.Release|x64.ActiveCfg = Release|Any CPU
		{E947C09B-262D-4E8B-81E0-7453EDB3961F}.Release|x64.Build.0 = Release|Any CPU
		{E947C09B-262D-4E8B-81E0-7453EDB3961F}.Release|x86.ActiveCfg = Release|Any CPU
		{E947C09B-262D-4E8B-81E0-7453EDB3961F}.Release|x86.Build.0 = Release|Any CPU
		{63B05EB1-378A-4DE3-9409-39FFA1589471}.Debug|Any CPU.ActiveCfg = Debug|Any CPU
		{63B05EB1-378A-4DE3-9409-39FFA1589471}.Debug|Any CPU.Build.0 = Debug|Any CPU
		{63B05EB1-378A-4DE3-9409-39FFA1589471}.Debug|x64.ActiveCfg = Debug|Any CPU
		{63B05EB1-378A-4DE3-9409-39FFA1589471}.Debug|x64.Build.0 = Debug|Any CPU
		{63B05EB1-378A-4DE3-9409-39FFA1589471}.Debug|x86.ActiveCfg = Debug|Any CPU
		{63B05EB1-378A-4DE3-9409-39FFA1589471}.Debug|x86.Build.0 = Debug|Any CPU
		{63B05EB1-378A-4DE3-9409-39FFA1589471}.Release|Any CPU.ActiveCfg = Release|Any CPU
		{63B05EB1-378A-4DE3-9409-39FFA1589471}.Release|Any CPU.Build.0 = Release|Any CPU
		{63B05EB1-378A-4DE3-9409-39FFA1589471}.Release|x64.ActiveCfg = Release|Any CPU
		{63B05EB1-378A-4DE3-9409-39FFA1589471}.Release|x64.Build.0 = Release|Any CPU
		{63B05EB1-378A-4DE3-9409-39FFA1589471}.Release|x86.ActiveCfg = Release|Any CPU
		{63B05EB1-378A-4DE3-9409-39FFA1589471}.Release|x86.Build.0 = Release|Any CPU
		{3DF4885A-4AF9-44D3-901E-73824D9564F5}.Debug|Any CPU.ActiveCfg = Debug|Any CPU
		{3DF4885A-4AF9-44D3-901E-73824D9564F5}.Debug|Any CPU.Build.0 = Debug|Any CPU
		{3DF4885A-4AF9-44D3-901E-73824D9564F5}.Debug|x64.ActiveCfg = Debug|Any CPU
		{3DF4885A-4AF9-44D3-901E-73824D9564F5}.Debug|x64.Build.0 = Debug|Any CPU
		{3DF4885A-4AF9-44D3-901E-73824D9564F5}.Debug|x86.ActiveCfg = Debug|Any CPU
		{3DF4885A-4AF9-44D3-901E-73824D9564F5}.Debug|x86.Build.0 = Debug|Any CPU
		{3DF4885A-4AF9-44D3-901E-73824D9564F5}.Release|Any CPU.ActiveCfg = Release|Any CPU
		{3DF4885A-4AF9-44D3-901E-73824D9564F5}.Release|Any CPU.Build.0 = Release|Any CPU
		{3DF4885A-4AF9-44D3-901E-73824D9564F5}.Release|x64.ActiveCfg = Release|Any CPU
		{3DF4885A-4AF9-44D3-901E-73824D9564F5}.Release|x64.Build.0 = Release|Any CPU
		{3DF4885A-4AF9-44D3-901E-73824D9564F5}.Release|x86.ActiveCfg = Release|Any CPU
		{3DF4885A-4AF9-44D3-901E-73824D9564F5}.Release|x86.Build.0 = Release|Any CPU
		{6010F99C-039E-4633-A985-A5D3D7B00FFC}.Debug|Any CPU.ActiveCfg = Debug|Any CPU
		{6010F99C-039E-4633-A985-A5D3D7B00FFC}.Debug|Any CPU.Build.0 = Debug|Any CPU
		{6010F99C-039E-4633-A985-A5D3D7B00FFC}.Debug|x64.ActiveCfg = Debug|Any CPU
		{6010F99C-039E-4633-A985-A5D3D7B00FFC}.Debug|x64.Build.0 = Debug|Any CPU
		{6010F99C-039E-4633-A985-A5D3D7B00FFC}.Debug|x86.ActiveCfg = Debug|Any CPU
		{6010F99C-039E-4633-A985-A5D3D7B00FFC}.Debug|x86.Build.0 = Debug|Any CPU
		{6010F99C-039E-4633-A985-A5D3D7B00FFC}.Release|Any CPU.ActiveCfg = Release|Any CPU
		{6010F99C-039E-4633-A985-A5D3D7B00FFC}.Release|Any CPU.Build.0 = Release|Any CPU
		{6010F99C-039E-4633-A985-A5D3D7B00FFC}.Release|x64.ActiveCfg = Release|Any CPU
		{6010F99C-039E-4633-A985-A5D3D7B00FFC}.Release|x64.Build.0 = Release|Any CPU
		{6010F99C-039E-4633-A985-A5D3D7B00FFC}.Release|x86.ActiveCfg = Release|Any CPU
		{6010F99C-039E-4633-A985-A5D3D7B00FFC}.Release|x86.Build.0 = Release|Any CPU
		{FC89681C-FDE5-4799-988B-7754189A95B1}.Debug|Any CPU.ActiveCfg = Debug|Any CPU
		{FC89681C-FDE5-4799-988B-7754189A95B1}.Debug|Any CPU.Build.0 = Debug|Any CPU
		{FC89681C-FDE5-4799-988B-7754189A95B1}.Debug|x64.ActiveCfg = Debug|Any CPU
		{FC89681C-FDE5-4799-988B-7754189A95B1}.Debug|x64.Build.0 = Debug|Any CPU
		{FC89681C-FDE5-4799-988B-7754189A95B1}.Debug|x86.ActiveCfg = Debug|Any CPU
		{FC89681C-FDE5-4799-988B-7754189A95B1}.Debug|x86.Build.0 = Debug|Any CPU
		{FC89681C-FDE5-4799-988B-7754189A95B1}.Release|Any CPU.ActiveCfg = Release|Any CPU
		{FC89681C-FDE5-4799-988B-7754189A95B1}.Release|Any CPU.Build.0 = Release|Any CPU
		{FC89681C-FDE5-4799-988B-7754189A95B1}.Release|x64.ActiveCfg = Release|Any CPU
		{FC89681C-FDE5-4799-988B-7754189A95B1}.Release|x64.Build.0 = Release|Any CPU
		{FC89681C-FDE5-4799-988B-7754189A95B1}.Release|x86.ActiveCfg = Release|Any CPU
		{FC89681C-FDE5-4799-988B-7754189A95B1}.Release|x86.Build.0 = Release|Any CPU
		{AFBED6EB-8DB9-4660-A7BE-49DFCE3A3B2D}.Debug|Any CPU.ActiveCfg = Debug|Any CPU
		{AFBED6EB-8DB9-4660-A7BE-49DFCE3A3B2D}.Debug|Any CPU.Build.0 = Debug|Any CPU
		{AFBED6EB-8DB9-4660-A7BE-49DFCE3A3B2D}.Debug|x64.ActiveCfg = Debug|Any CPU
		{AFBED6EB-8DB9-4660-A7BE-49DFCE3A3B2D}.Debug|x64.Build.0 = Debug|Any CPU
		{AFBED6EB-8DB9-4660-A7BE-49DFCE3A3B2D}.Debug|x86.ActiveCfg = Debug|Any CPU
		{AFBED6EB-8DB9-4660-A7BE-49DFCE3A3B2D}.Debug|x86.Build.0 = Debug|Any CPU
		{AFBED6EB-8DB9-4660-A7BE-49DFCE3A3B2D}.Release|Any CPU.ActiveCfg = Release|Any CPU
		{AFBED6EB-8DB9-4660-A7BE-49DFCE3A3B2D}.Release|Any CPU.Build.0 = Release|Any CPU
		{AFBED6EB-8DB9-4660-A7BE-49DFCE3A3B2D}.Release|x64.ActiveCfg = Release|Any CPU
		{AFBED6EB-8DB9-4660-A7BE-49DFCE3A3B2D}.Release|x64.Build.0 = Release|Any CPU
		{AFBED6EB-8DB9-4660-A7BE-49DFCE3A3B2D}.Release|x86.ActiveCfg = Release|Any CPU
		{AFBED6EB-8DB9-4660-A7BE-49DFCE3A3B2D}.Release|x86.Build.0 = Release|Any CPU
		{E7E8D1CD-C13F-4E85-81BA-20F8ED76B4FB}.Debug|Any CPU.ActiveCfg = Debug|Any CPU
		{E7E8D1CD-C13F-4E85-81BA-20F8ED76B4FB}.Debug|Any CPU.Build.0 = Debug|Any CPU
		{E7E8D1CD-C13F-4E85-81BA-20F8ED76B4FB}.Debug|x64.ActiveCfg = Debug|Any CPU
		{E7E8D1CD-C13F-4E85-81BA-20F8ED76B4FB}.Debug|x64.Build.0 = Debug|Any CPU
		{E7E8D1CD-C13F-4E85-81BA-20F8ED76B4FB}.Debug|x86.ActiveCfg = Debug|Any CPU
		{E7E8D1CD-C13F-4E85-81BA-20F8ED76B4FB}.Debug|x86.Build.0 = Debug|Any CPU
		{E7E8D1CD-C13F-4E85-81BA-20F8ED76B4FB}.Release|Any CPU.ActiveCfg = Release|Any CPU
		{E7E8D1CD-C13F-4E85-81BA-20F8ED76B4FB}.Release|Any CPU.Build.0 = Release|Any CPU
		{E7E8D1CD-C13F-4E85-81BA-20F8ED76B4FB}.Release|x64.ActiveCfg = Release|Any CPU
		{E7E8D1CD-C13F-4E85-81BA-20F8ED76B4FB}.Release|x64.Build.0 = Release|Any CPU
		{E7E8D1CD-C13F-4E85-81BA-20F8ED76B4FB}.Release|x86.ActiveCfg = Release|Any CPU
		{E7E8D1CD-C13F-4E85-81BA-20F8ED76B4FB}.Release|x86.Build.0 = Release|Any CPU
	EndGlobalSection
	GlobalSection(SolutionProperties) = preSolution
		HideSolutionNode = FALSE
	EndGlobalSection
	GlobalSection(NestedProjects) = preSolution
		{B2C3D4E5-F6A7-8901-BCDE-F12345678901} = {A1B2C3D4-E5F6-7890-ABCD-EF1234567890}
		{C3D4E5F6-A7B8-9012-CDEF-123456789012} = {A1B2C3D4-E5F6-7890-ABCD-EF1234567890}
		{D4E5F6A7-B8C9-0123-DEF0-234567890123} = {A1B2C3D4-E5F6-7890-ABCD-EF1234567890}
		{E5F6A7B8-C9D0-1234-EF01-345678901234} = {B2C3D4E5-F6A7-8901-BCDE-F12345678901}
		{F6A7B8C9-D0E1-2345-F012-456789012345} = {B2C3D4E5-F6A7-8901-BCDE-F12345678901}
		{A7B8C9D0-E1F2-3456-0123-567890123456} = {B2C3D4E5-F6A7-8901-BCDE-F12345678901}
		{B8C9D0E1-F2A3-4567-1234-678901234567} = {B2C3D4E5-F6A7-8901-BCDE-F12345678901}
		{C9D0E1F2-A3B4-5678-2345-789012345678} = {C3D4E5F6-A7B8-9012-CDEF-123456789012}
		{77777777-7777-7777-7777-777777777777} = {66666666-6666-6666-6666-666666666666}
		{1CF6108A-1185-35DE-5336-C1AA265239B1} = {D4E5F6A7-B8C9-0123-DEF0-234567890123}
		{B2EAACFF-A197-41CE-BE3D-07A0A0772EA8} = {1CF6108A-1185-35DE-5336-C1AA265239B1}
		{0FCD0F38-8509-419D-AAF7-D028DE7D706A} = {1CF6108A-1185-35DE-5336-C1AA265239B1}
		{669554E2-7FD5-4E67-AB21-3A845234832B} = {1CF6108A-1185-35DE-5336-C1AA265239B1}
		{D1808495-CEA6-9182-464B-E341048D0084} = {D4E5F6A7-B8C9-0123-DEF0-234567890123}
		{C3576F69-20DB-440D-BD53-8DAE00EF5D3A} = {D1808495-CEA6-9182-464B-E341048D0084}
		{63C47541-7654-409D-8DB4-BA045427725F} = {1CF6108A-1185-35DE-5336-C1AA265239B1}
		{167CAECA-4AA2-4F97-AE4F-3A822445F2BF} = {1CF6108A-1185-35DE-5336-C1AA265239B1}
		{5879098A-2DB3-437A-AB24-D714BF41DE3B} = {D1808495-CEA6-9182-464B-E341048D0084}
		{CE2D77F8-B6C7-4BE3-BA94-F7530E869DB9} = {D1808495-CEA6-9182-464B-E341048D0084}
		{AA87B7B7-CEA3-4E5C-B62C-8EAC2B8898D6} = {D1808495-CEA6-9182-464B-E341048D0084}
		{63A5CEAD-1133-4137-A4F8-4303B14CCC29} = {D1808495-CEA6-9182-464B-E341048D0084}
		{18DAEF29-55A3-BEDD-F3E8-9126768E3534} = {1CF6108A-1185-35DE-5336-C1AA265239B1}
		{25B13C2D-1496-4D86-82AF-4B416EC0DEED} = {18DAEF29-55A3-BEDD-F3E8-9126768E3534}
		{A4E7DD2B-B904-4AA4-B196-D134609FE46C} = {18DAEF29-55A3-BEDD-F3E8-9126768E3534}
		{9A805616-B6DC-3A22-2787-69BF736FCE68} = {D1808495-CEA6-9182-464B-E341048D0084}
		{84D65A12-0560-4583-9B26-715294362703} = {9A805616-B6DC-3A22-2787-69BF736FCE68}
		{2F2298F5-5C4A-4071-9FC0-3D642C545EB0} = {9A805616-B6DC-3A22-2787-69BF736FCE68}
		{D269E6B0-7F09-94EF-0285-FCEBCC09D17C} = {B2C3D4E5-F6A7-8901-BCDE-F12345678901}
		{690240BD-4077-4DB1-929B-8A5B8A58A22F} = {D269E6B0-7F09-94EF-0285-FCEBCC09D17C}
		{E66C60B9-BF26-4A3C-ADED-75C35791AEC6} = {18DAEF29-55A3-BEDD-F3E8-9126768E3534}
		{3430B5D7-3442-E940-2D9C-B36223823D65} = {D4E5F6A7-B8C9-0123-DEF0-234567890123}
		{D91A1B40-B621-47B9-BDF0-CA1C9066144D} = {3430B5D7-3442-E940-2D9C-B36223823D65}
		{A88859C7-7AFB-43CC-8BA5-243C2F38A40A} = {3430B5D7-3442-E940-2D9C-B36223823D65}
		{0D0F31C8-41D1-4BE9-BE55-2234F45D6469} = {3430B5D7-3442-E940-2D9C-B36223823D65}
		{769C6A2F-1C5F-4F54-A66D-3D88797E02D0} = {3430B5D7-3442-E940-2D9C-B36223823D65}
		{3FA4779A-B4DD-7F87-4120-DFA01464BE5F} = {D4E5F6A7-B8C9-0123-DEF0-234567890123}
		{F20A8826-F622-4151-9410-17C4731903E7} = {3FA4779A-B4DD-7F87-4120-DFA01464BE5F}
		{C3600574-AB25-4F34-B894-563DF134E33D} = {3FA4779A-B4DD-7F87-4120-DFA01464BE5F}
		{43611BF7-76B4-4F02-99E1-A47D4A7407E3} = {3FA4779A-B4DD-7F87-4120-DFA01464BE5F}
		{7C05ED06-1CA6-4083-8489-8011E1483E8E} = {3FA4779A-B4DD-7F87-4120-DFA01464BE5F}
		{14D944EC-98E3-43DC-B289-616C5FE07814} = {D4E5F6A7-B8C9-0123-DEF0-234567890123}
		{76589666-DCC4-4D14-A55A-6675E371BF82} = {14D944EC-98E3-43DC-B289-616C5FE07814}
		{6D7C77CD-D943-4947-883D-AC912CF54BB1} = {14D944EC-98E3-43DC-B289-616C5FE07814}
		{F5001F32-1753-4007-A094-36947A98CF95} = {14D944EC-98E3-43DC-B289-616C5FE07814}
		{162B5C89-E593-4845-92E6-248A3E3FBC70} = {14D944EC-98E3-43DC-B289-616C5FE07814}
		{BA249F15-5E58-4417-BA7D-E6A3B13C2EFC} = {3FA4779A-B4DD-7F87-4120-DFA01464BE5F}
		{C2C6FC63-5192-4E6B-9F35-C82E704CB93E} = {3430B5D7-3442-E940-2D9C-B36223823D65}
		{38D8B77C-4916-47CF-86C5-AB0D44208679} = {14D944EC-98E3-43DC-B289-616C5FE07814}
		{BCA061CF-6D5A-432E-B341-691E92DBE828} = {C3D4E5F6-A7B8-9012-CDEF-123456789012}
		{EAEA3F18-D48D-47AC-B811-333C1A5E9933} = {C3D4E5F6-A7B8-9012-CDEF-123456789012}
		{812275F7-74A9-4FC2-9A98-9A4FD683570D} = {C3D4E5F6-A7B8-9012-CDEF-123456789012}
		{001C514C-0416-40CA-892B-2F395D46EBE9} = {C3D4E5F6-A7B8-9012-CDEF-123456789012}
		{DCC07720-D865-4BD9-BB84-DC62945328D1} = {C3D4E5F6-A7B8-9012-CDEF-123456789012}
		{6773C282-E79C-427A-B132-D74AA34204FD} = {C3D4E5F6-A7B8-9012-CDEF-123456789012}
		{761EF3CC-F357-4303-A282-D30A48D7C998} = {D4E5F6A7-B8C9-0123-DEF0-234567890123}
		{9FC548F7-3747-42BF-91A6-6A622CE20E93} = {761EF3CC-F357-4303-A282-D30A48D7C998}
		{A125B4E0-1ABB-4C56-A37F-99C2AE327B12} = {761EF3CC-F357-4303-A282-D30A48D7C998}
		{BBD7BEC5-A27F-4AC6-82BF-1A81381F15F8} = {761EF3CC-F357-4303-A282-D30A48D7C998}
		{F9DA92CD-A9BE-479D-8001-FA86FD947939} = {761EF3CC-F357-4303-A282-D30A48D7C998}
		{4CBCC97B-CB53-487E-8244-A209F8AAE47B} = {761EF3CC-F357-4303-A282-D30A48D7C998}
		{D651BA46-60C5-4986-6F84-2CED1EB325F3} = {D4E5F6A7-B8C9-0123-DEF0-234567890123}
		{4973C517-3005-44D7-9497-7F59AAC851E5} = {D651BA46-60C5-4986-6F84-2CED1EB325F3}
		{9DCA4EA3-EF46-4BEF-97EA-6DACCFF2A142} = {D651BA46-60C5-4986-6F84-2CED1EB325F3}
		{7A9783D9-35FD-4172-977F-DBBB9A37828F} = {D651BA46-60C5-4986-6F84-2CED1EB325F3}
		{DFCAF79E-ED4D-472C-83A1-31DC16882E0D} = {D651BA46-60C5-4986-6F84-2CED1EB325F3}
		{FE5E385C-AC51-4C6E-BE79-D9D1406A58FA} = {D651BA46-60C5-4986-6F84-2CED1EB325F3}
		{689FC564-CA4B-4644-84A3-4510FF66B5DC} = {C3D4E5F6-A7B8-9012-CDEF-123456789012}
		{E59453EC-2AF9-4979-BA17-27DBDFC5CCCD} = {C3D4E5F6-A7B8-9012-CDEF-123456789012}
		{A8090CE6-3CAB-3C94-0010-A9FBD0FB5AA0} = {3FA4779A-B4DD-7F87-4120-DFA01464BE5F}
		{1C65FC8A-622E-4C4B-87FC-8D617B8CD342} = {A8090CE6-3CAB-3C94-0010-A9FBD0FB5AA0}
		{14D3D45F-61FA-4A28-BBCE-10800758208F} = {A8090CE6-3CAB-3C94-0010-A9FBD0FB5AA0}
		{CDCDF9C8-6E4F-8D24-1B9A-854389D087E7} = {D651BA46-60C5-4986-6F84-2CED1EB325F3}
		{FEF03A22-51FD-4FE2-87C1-33D269A4B272} = {CDCDF9C8-6E4F-8D24-1B9A-854389D087E7}
		{E947C09B-262D-4E8B-81E0-7453EDB3961F} = {CDCDF9C8-6E4F-8D24-1B9A-854389D087E7}
		{32C05EB4-5A11-D8EA-0B98-302A504E346E} = {3430B5D7-3442-E940-2D9C-B36223823D65}
		{63B05EB1-378A-4DE3-9409-39FFA1589471} = {32C05EB4-5A11-D8EA-0B98-302A504E346E}
		{3DF4885A-4AF9-44D3-901E-73824D9564F5} = {32C05EB4-5A11-D8EA-0B98-302A504E346E}
		{9058EED4-3432-6216-8E67-71B1759484A3} = {761EF3CC-F357-4303-A282-D30A48D7C998}
		{6010F99C-039E-4633-A985-A5D3D7B00FFC} = {9058EED4-3432-6216-8E67-71B1759484A3}
		{FC89681C-FDE5-4799-988B-7754189A95B1} = {9058EED4-3432-6216-8E67-71B1759484A3}
		{1EA78DA6-8B08-DA95-370D-025D82B0271F} = {14D944EC-98E3-43DC-B289-616C5FE07814}
		{AFBED6EB-8DB9-4660-A7BE-49DFCE3A3B2D} = {1EA78DA6-8B08-DA95-370D-025D82B0271F}
		{E7E8D1CD-C13F-4E85-81BA-20F8ED76B4FB} = {1EA78DA6-8B08-DA95-370D-025D82B0271F}
	EndGlobalSection
	GlobalSection(ExtensibilityGlobals) = postSolution
		SolutionGuid = {12345678-90AB-CDEF-1234-567890ABCDEF}
	EndGlobalSection
EndGlobal
