
Microsoft Visual Studio Solution File, Format Version 12.00
# Visual Studio Version 18
VisualStudioVersion = 18.1.11312.151
MinimumVisualStudioVersion = 10.0.40219.1
Project("{2150E333-8FDC-42A3-9474-1A3956D46DE8}") = "src", "src", "{A1B2C3D4-E5F6-7890-ABCD-EF1234567890}"
EndProject
Project("{2150E333-8FDC-42A3-9474-1A3956D46DE8}") = "Common", "Common", "{B2C3D4E5-F6A7-8901-BCDE-F12345678901}"
EndProject
Project("{2150E333-8FDC-42A3-9474-1A3956D46DE8}") = "API", "API", "{C3D4E5F6-A7B8-9012-CDEF-123456789012}"
EndProject
Project("{2150E333-8FDC-42A3-9474-1A3956D46DE8}") = "Modules", "Modules", "{D4E5F6A7-B8C9-0123-DEF0-234567890123}"
EndProject
Project("{2150E333-8FDC-42A3-9474-1A3956D46DE8}") = "test", "test", "{66666666-6666-6666-6666-666666666666}"
EndProject
Project("{9A19103F-16F7-4668-BE54-9A1E7A4F7556}") = "ModularTemplate.Common.Domain", "src\Common\ModularTemplate.Common.Domain\ModularTemplate.Common.Domain.csproj", "{E5F6A7B8-C9D0-1234-EF01-345678901234}"
EndProject
Project("{9A19103F-16F7-4668-BE54-9A1E7A4F7556}") = "ModularTemplate.Common.Application", "src\Common\ModularTemplate.Common.Application\ModularTemplate.Common.Application.csproj", "{F6A7B8C9-D0E1-2345-F012-456789012345}"
EndProject
Project("{9A19103F-16F7-4668-BE54-9A1E7A4F7556}") = "ModularTemplate.Common.Infrastructure", "src\Common\ModularTemplate.Common.Infrastructure\ModularTemplate.Common.Infrastructure.csproj", "{A7B8C9D0-E1F2-3456-0123-567890123456}"
EndProject
Project("{9A19103F-16F7-4668-BE54-9A1E7A4F7556}") = "ModularTemplate.Common.Presentation", "src\Common\ModularTemplate.Common.Presentation\ModularTemplate.Common.Presentation.csproj", "{B8C9D0E1-F2A3-4567-1234-678901234567}"
EndProject
Project("{9A19103F-16F7-4668-BE54-9A1E7A4F7556}") = "ModularTemplate.Api", "src\API\ModularTemplate.Api\ModularTemplate.Api.csproj", "{C9D0E1F2-A3B4-5678-2345-789012345678}"
EndProject
Project("{9A19103F-16F7-4668-BE54-9A1E7A4F7556}") = "ModularTemplate.ArchitectureTests", "test\ModularTemplate.ArchitectureTests\ModularTemplate.ArchitectureTests.csproj", "{77777777-7777-7777-7777-777777777777}"
EndProject
Project("{2150E333-8FDC-42A3-9474-1A3956D46DE8}") = "Sales", "Sales", "{1CF6108A-1185-35DE-5336-C1AA265239B1}"
EndProject
Project("{FAE04EC0-301F-11D3-BF4B-00C04F79EFBC}") = "ModularTemplate.Modules.Sales.Domain", "src\Modules\Sales\ModularTemplate.Modules.Sales.Domain\ModularTemplate.Modules.Sales.Domain.csproj", "{B2EAACFF-A197-41CE-BE3D-07A0A0772EA8}"
EndProject
Project("{FAE04EC0-301F-11D3-BF4B-00C04F79EFBC}") = "ModularTemplate.Modules.Sales.Application", "src\Modules\Sales\ModularTemplate.Modules.Sales.Application\ModularTemplate.Modules.Sales.Application.csproj", "{0FCD0F38-8509-419D-AAF7-D028DE7D706A}"
EndProject
Project("{FAE04EC0-301F-11D3-BF4B-00C04F79EFBC}") = "ModularTemplate.Modules.Sales.IntegrationEvents", "src\Modules\Sales\ModularTemplate.Modules.Sales.IntegrationEvents\ModularTemplate.Modules.Sales.IntegrationEvents.csproj", "{669554E2-7FD5-4E67-AB21-3A845234832B}"
EndProject
Project("{2150E333-8FDC-42A3-9474-1A3956D46DE8}") = "Orders", "Orders", "{D1808495-CEA6-9182-464B-E341048D0084}"
EndProject
Project("{FAE04EC0-301F-11D3-BF4B-00C04F79EFBC}") = "ModularTemplate.Modules.Orders.IntegrationEvents", "src\Modules\Orders\ModularTemplate.Modules.Orders.IntegrationEvents\ModularTemplate.Modules.Orders.IntegrationEvents.csproj", "{C3576F69-20DB-440D-BD53-8DAE00EF5D3A}"
EndProject
Project("{FAE04EC0-301F-11D3-BF4B-00C04F79EFBC}") = "ModularTemplate.Modules.Sales.Infrastructure", "src\Modules\Sales\ModularTemplate.Modules.Sales.Infrastructure\ModularTemplate.Modules.Sales.Infrastructure.csproj", "{63C47541-7654-409D-8DB4-BA045427725F}"
EndProject
Project("{FAE04EC0-301F-11D3-BF4B-00C04F79EFBC}") = "ModularTemplate.Modules.Sales.Presentation", "src\Modules\Sales\ModularTemplate.Modules.Sales.Presentation\ModularTemplate.Modules.Sales.Presentation.csproj", "{167CAECA-4AA2-4F97-AE4F-3A822445F2BF}"
EndProject
Project("{FAE04EC0-301F-11D3-BF4B-00C04F79EFBC}") = "ModularTemplate.Modules.Orders.Domain", "src\Modules\Orders\ModularTemplate.Modules.Orders.Domain\ModularTemplate.Modules.Orders.Domain.csproj", "{5879098A-2DB3-437A-AB24-D714BF41DE3B}"
EndProject
Project("{FAE04EC0-301F-11D3-BF4B-00C04F79EFBC}") = "ModularTemplate.Modules.Orders.Application", "src\Modules\Orders\ModularTemplate.Modules.Orders.Application\ModularTemplate.Modules.Orders.Application.csproj", "{CE2D77F8-B6C7-4BE3-BA94-F7530E869DB9}"
EndProject
Project("{FAE04EC0-301F-11D3-BF4B-00C04F79EFBC}") = "ModularTemplate.Modules.Orders.Infrastructure", "src\Modules\Orders\ModularTemplate.Modules.Orders.Infrastructure\ModularTemplate.Modules.Orders.Infrastructure.csproj", "{AA87B7B7-CEA3-4E5C-B62C-8EAC2B8898D6}"
EndProject
Project("{FAE04EC0-301F-11D3-BF4B-00C04F79EFBC}") = "ModularTemplate.Modules.Orders.Presentation", "src\Modules\Orders\ModularTemplate.Modules.Orders.Presentation\ModularTemplate.Modules.Orders.Presentation.csproj", "{63A5CEAD-1133-4137-A4F8-4303B14CCC29}"
EndProject
Project("{2150E333-8FDC-42A3-9474-1A3956D46DE8}") = "test", "test", "{18DAEF29-55A3-BEDD-F3E8-9126768E3534}"
EndProject
Project("{FAE04EC0-301F-11D3-BF4B-00C04F79EFBC}") = "ModularTemplate.Modules.Sales.Domain.Tests", "src\Modules\Sales\test\ModularTemplate.Modules.Sales.Domain.Tests\ModularTemplate.Modules.Sales.Domain.Tests.csproj", "{25B13C2D-1496-4D86-82AF-4B416EC0DEED}"
EndProject
Project("{FAE04EC0-301F-11D3-BF4B-00C04F79EFBC}") = "ModularTemplate.Modules.Sales.Application.Tests", "src\Modules\Sales\test\ModularTemplate.Modules.Sales.Application.Tests\ModularTemplate.Modules.Sales.Application.Tests.csproj", "{A4E7DD2B-B904-4AA4-B196-D134609FE46C}"
EndProject
Project("{2150E333-8FDC-42A3-9474-1A3956D46DE8}") = "test", "test", "{9A805616-B6DC-3A22-2787-69BF736FCE68}"
EndProject
Project("{FAE04EC0-301F-11D3-BF4B-00C04F79EFBC}") = "ModularTemplate.Modules.Orders.Domain.Tests", "src\Modules\Orders\test\ModularTemplate.Modules.Orders.Domain.Tests\ModularTemplate.Modules.Orders.Domain.Tests.csproj", "{84D65A12-0560-4583-9B26-715294362703}"
EndProject
Project("{FAE04EC0-301F-11D3-BF4B-00C04F79EFBC}") = "ModularTemplate.Modules.Orders.Application.Tests", "src\Modules\Orders\test\ModularTemplate.Modules.Orders.Application.Tests\ModularTemplate.Modules.Orders.Application.Tests.csproj", "{2F2298F5-5C4A-4071-9FC0-3D642C545EB0}"
EndProject
Project("{2150E333-8FDC-42A3-9474-1A3956D46DE8}") = "test", "test", "{D269E6B0-7F09-94EF-0285-FCEBCC09D17C}"
EndProject
Project("{FAE04EC0-301F-11D3-BF4B-00C04F79EFBC}") = "ModularTemplate.Common.IntegrationTests", "src\Common\test\ModularTemplate.Common.IntegrationTests\ModularTemplate.Common.IntegrationTests.csproj", "{690240BD-4077-4DB1-929B-8A5B8A58A22F}"
EndProject
Project("{FAE04EC0-301F-11D3-BF4B-00C04F79EFBC}") = "ModularTemplate.Modules.Sales.IntegrationTests", "src\Modules\Sales\test\ModularTemplate.Modules.Sales.IntegrationTests\ModularTemplate.Modules.Sales.IntegrationTests.csproj", "{E66C60B9-BF26-4A3C-ADED-75C35791AEC6}"
EndProject
Global
	GlobalSection(SolutionConfigurationPlatforms) = preSolution
		Debug|Any CPU = Debug|Any CPU
		Debug|x64 = Debug|x64
		Debug|x86 = Debug|x86
		Release|Any CPU = Release|Any CPU
		Release|x64 = Release|x64
		Release|x86 = Release|x86
	EndGlobalSection
	GlobalSection(ProjectConfigurationPlatforms) = postSolution
		{E5F6A7B8-C9D0-1234-EF01-345678901234}.Debug|Any CPU.ActiveCfg = Debug|Any CPU
		{E5F6A7B8-C9D0-1234-EF01-345678901234}.Debug|Any CPU.Build.0 = Debug|Any CPU
		{E5F6A7B8-C9D0-1234-EF01-345678901234}.Debug|x64.ActiveCfg = Debug|Any CPU
		{E5F6A7B8-C9D0-1234-EF01-345678901234}.Debug|x64.Build.0 = Debug|Any CPU
		{E5F6A7B8-C9D0-1234-EF01-345678901234}.Debug|x86.ActiveCfg = Debug|Any CPU
		{E5F6A7B8-C9D0-1234-EF01-345678901234}.Debug|x86.Build.0 = Debug|Any CPU
		{E5F6A7B8-C9D0-1234-EF01-345678901234}.Release|Any CPU.ActiveCfg = Release|Any CPU
		{E5F6A7B8-C9D0-1234-EF01-345678901234}.Release|Any CPU.Build.0 = Release|Any CPU
		{E5F6A7B8-C9D0-1234-EF01-345678901234}.Release|x64.ActiveCfg = Release|Any CPU
		{E5F6A7B8-C9D0-1234-EF01-345678901234}.Release|x64.Build.0 = Release|Any CPU
		{E5F6A7B8-C9D0-1234-EF01-345678901234}.Release|x86.ActiveCfg = Release|Any CPU
		{E5F6A7B8-C9D0-1234-EF01-345678901234}.Release|x86.Build.0 = Release|Any CPU
		{F6A7B8C9-D0E1-2345-F012-456789012345}.Debug|Any CPU.ActiveCfg = Debug|Any CPU
		{F6A7B8C9-D0E1-2345-F012-456789012345}.Debug|Any CPU.Build.0 = Debug|Any CPU
		{F6A7B8C9-D0E1-2345-F012-456789012345}.Debug|x64.ActiveCfg = Debug|Any CPU
		{F6A7B8C9-D0E1-2345-F012-456789012345}.Debug|x64.Build.0 = Debug|Any CPU
		{F6A7B8C9-D0E1-2345-F012-456789012345}.Debug|x86.ActiveCfg = Debug|Any CPU
		{F6A7B8C9-D0E1-2345-F012-456789012345}.Debug|x86.Build.0 = Debug|Any CPU
		{F6A7B8C9-D0E1-2345-F012-456789012345}.Release|Any CPU.ActiveCfg = Release|Any CPU
		{F6A7B8C9-D0E1-2345-F012-456789012345}.Release|Any CPU.Build.0 = Release|Any CPU
		{F6A7B8C9-D0E1-2345-F012-456789012345}.Release|x64.ActiveCfg = Release|Any CPU
		{F6A7B8C9-D0E1-2345-F012-456789012345}.Release|x64.Build.0 = Release|Any CPU
		{F6A7B8C9-D0E1-2345-F012-456789012345}.Release|x86.ActiveCfg = Release|Any CPU
		{F6A7B8C9-D0E1-2345-F012-456789012345}.Release|x86.Build.0 = Release|Any CPU
		{A7B8C9D0-E1F2-3456-0123-567890123456}.Debug|Any CPU.ActiveCfg = Debug|Any CPU
		{A7B8C9D0-E1F2-3456-0123-567890123456}.Debug|Any CPU.Build.0 = Debug|Any CPU
		{A7B8C9D0-E1F2-3456-0123-567890123456}.Debug|x64.ActiveCfg = Debug|Any CPU
		{A7B8C9D0-E1F2-3456-0123-567890123456}.Debug|x64.Build.0 = Debug|Any CPU
		{A7B8C9D0-E1F2-3456-0123-567890123456}.Debug|x86.ActiveCfg = Debug|Any CPU
		{A7B8C9D0-E1F2-3456-0123-567890123456}.Debug|x86.Build.0 = Debug|Any CPU
		{A7B8C9D0-E1F2-3456-0123-567890123456}.Release|Any CPU.ActiveCfg = Release|Any CPU
		{A7B8C9D0-E1F2-3456-0123-567890123456}.Release|Any CPU.Build.0 = Release|Any CPU
		{A7B8C9D0-E1F2-3456-0123-567890123456}.Release|x64.ActiveCfg = Release|Any CPU
		{A7B8C9D0-E1F2-3456-0123-567890123456}.Release|x64.Build.0 = Release|Any CPU
		{A7B8C9D0-E1F2-3456-0123-567890123456}.Release|x86.ActiveCfg = Release|Any CPU
		{A7B8C9D0-E1F2-3456-0123-567890123456}.Release|x86.Build.0 = Release|Any CPU
		{B8C9D0E1-F2A3-4567-1234-678901234567}.Debug|Any CPU.ActiveCfg = Debug|Any CPU
		{B8C9D0E1-F2A3-4567-1234-678901234567}.Debug|Any CPU.Build.0 = Debug|Any CPU
		{B8C9D0E1-F2A3-4567-1234-678901234567}.Debug|x64.ActiveCfg = Debug|Any CPU
		{B8C9D0E1-F2A3-4567-1234-678901234567}.Debug|x64.Build.0 = Debug|Any CPU
		{B8C9D0E1-F2A3-4567-1234-678901234567}.Debug|x86.ActiveCfg = Debug|Any CPU
		{B8C9D0E1-F2A3-4567-1234-678901234567}.Debug|x86.Build.0 = Debug|Any CPU
		{B8C9D0E1-F2A3-4567-1234-678901234567}.Release|Any CPU.ActiveCfg = Release|Any CPU
		{B8C9D0E1-F2A3-4567-1234-678901234567}.Release|Any CPU.Build.0 = Release|Any CPU
		{B8C9D0E1-F2A3-4567-1234-678901234567}.Release|x64.ActiveCfg = Release|Any CPU
		{B8C9D0E1-F2A3-4567-1234-678901234567}.Release|x64.Build.0 = Release|Any CPU
		{B8C9D0E1-F2A3-4567-1234-678901234567}.Release|x86.ActiveCfg = Release|Any CPU
		{B8C9D0E1-F2A3-4567-1234-678901234567}.Release|x86.Build.0 = Release|Any CPU
		{C9D0E1F2-A3B4-5678-2345-789012345678}.Debug|Any CPU.ActiveCfg = Debug|Any CPU
		{C9D0E1F2-A3B4-5678-2345-789012345678}.Debug|Any CPU.Build.0 = Debug|Any CPU
		{C9D0E1F2-A3B4-5678-2345-789012345678}.Debug|x64.ActiveCfg = Debug|Any CPU
		{C9D0E1F2-A3B4-5678-2345-789012345678}.Debug|x64.Build.0 = Debug|Any CPU
		{C9D0E1F2-A3B4-5678-2345-789012345678}.Debug|x86.ActiveCfg = Debug|Any CPU
		{C9D0E1F2-A3B4-5678-2345-789012345678}.Debug|x86.Build.0 = Debug|Any CPU
		{C9D0E1F2-A3B4-5678-2345-789012345678}.Release|Any CPU.ActiveCfg = Release|Any CPU
		{C9D0E1F2-A3B4-5678-2345-789012345678}.Release|Any CPU.Build.0 = Release|Any CPU
		{C9D0E1F2-A3B4-5678-2345-789012345678}.Release|x64.ActiveCfg = Release|Any CPU
		{C9D0E1F2-A3B4-5678-2345-789012345678}.Release|x64.Build.0 = Release|Any CPU
		{C9D0E1F2-A3B4-5678-2345-789012345678}.Release|x86.ActiveCfg = Release|Any CPU
		{C9D0E1F2-A3B4-5678-2345-789012345678}.Release|x86.Build.0 = Release|Any CPU
		{77777777-7777-7777-7777-777777777777}.Debug|Any CPU.ActiveCfg = Debug|Any CPU
		{77777777-7777-7777-7777-777777777777}.Debug|Any CPU.Build.0 = Debug|Any CPU
		{77777777-7777-7777-7777-777777777777}.Debug|x64.ActiveCfg = Debug|Any CPU
		{77777777-7777-7777-7777-777777777777}.Debug|x64.Build.0 = Debug|Any CPU
		{77777777-7777-7777-7777-777777777777}.Debug|x86.ActiveCfg = Debug|Any CPU
		{77777777-7777-7777-7777-777777777777}.Debug|x86.Build.0 = Debug|Any CPU
		{77777777-7777-7777-7777-777777777777}.Release|Any CPU.ActiveCfg = Release|Any CPU
		{77777777-7777-7777-7777-777777777777}.Release|Any CPU.Build.0 = Release|Any CPU
		{77777777-7777-7777-7777-777777777777}.Release|x64.ActiveCfg = Release|Any CPU
		{77777777-7777-7777-7777-777777777777}.Release|x64.Build.0 = Release|Any CPU
		{77777777-7777-7777-7777-777777777777}.Release|x86.ActiveCfg = Release|Any CPU
		{77777777-7777-7777-7777-777777777777}.Release|x86.Build.0 = Release|Any CPU
		{B2EAACFF-A197-41CE-BE3D-07A0A0772EA8}.Debug|Any CPU.ActiveCfg = Debug|Any CPU
		{B2EAACFF-A197-41CE-BE3D-07A0A0772EA8}.Debug|Any CPU.Build.0 = Debug|Any CPU
		{B2EAACFF-A197-41CE-BE3D-07A0A0772EA8}.Debug|x64.ActiveCfg = Debug|Any CPU
		{B2EAACFF-A197-41CE-BE3D-07A0A0772EA8}.Debug|x64.Build.0 = Debug|Any CPU
		{B2EAACFF-A197-41CE-BE3D-07A0A0772EA8}.Debug|x86.ActiveCfg = Debug|Any CPU
		{B2EAACFF-A197-41CE-BE3D-07A0A0772EA8}.Debug|x86.Build.0 = Debug|Any CPU
		{B2EAACFF-A197-41CE-BE3D-07A0A0772EA8}.Release|Any CPU.ActiveCfg = Release|Any CPU
		{B2EAACFF-A197-41CE-BE3D-07A0A0772EA8}.Release|Any CPU.Build.0 = Release|Any CPU
		{B2EAACFF-A197-41CE-BE3D-07A0A0772EA8}.Release|x64.ActiveCfg = Release|Any CPU
		{B2EAACFF-A197-41CE-BE3D-07A0A0772EA8}.Release|x64.Build.0 = Release|Any CPU
		{B2EAACFF-A197-41CE-BE3D-07A0A0772EA8}.Release|x86.ActiveCfg = Release|Any CPU
		{B2EAACFF-A197-41CE-BE3D-07A0A0772EA8}.Release|x86.Build.0 = Release|Any CPU
		{0FCD0F38-8509-419D-AAF7-D028DE7D706A}.Debug|Any CPU.ActiveCfg = Debug|Any CPU
		{0FCD0F38-8509-419D-AAF7-D028DE7D706A}.Debug|Any CPU.Build.0 = Debug|Any CPU
		{0FCD0F38-8509-419D-AAF7-D028DE7D706A}.Debug|x64.ActiveCfg = Debug|Any CPU
		{0FCD0F38-8509-419D-AAF7-D028DE7D706A}.Debug|x64.Build.0 = Debug|Any CPU
		{0FCD0F38-8509-419D-AAF7-D028DE7D706A}.Debug|x86.ActiveCfg = Debug|Any CPU
		{0FCD0F38-8509-419D-AAF7-D028DE7D706A}.Debug|x86.Build.0 = Debug|Any CPU
		{0FCD0F38-8509-419D-AAF7-D028DE7D706A}.Release|Any CPU.ActiveCfg = Release|Any CPU
		{0FCD0F38-8509-419D-AAF7-D028DE7D706A}.Release|Any CPU.Build.0 = Release|Any CPU
		{0FCD0F38-8509-419D-AAF7-D028DE7D706A}.Release|x64.ActiveCfg = Release|Any CPU
		{0FCD0F38-8509-419D-AAF7-D028DE7D706A}.Release|x64.Build.0 = Release|Any CPU
		{0FCD0F38-8509-419D-AAF7-D028DE7D706A}.Release|x86.ActiveCfg = Release|Any CPU
		{0FCD0F38-8509-419D-AAF7-D028DE7D706A}.Release|x86.Build.0 = Release|Any CPU
		{669554E2-7FD5-4E67-AB21-3A845234832B}.Debug|Any CPU.ActiveCfg = Debug|Any CPU
		{669554E2-7FD5-4E67-AB21-3A845234832B}.Debug|Any CPU.Build.0 = Debug|Any CPU
		{669554E2-7FD5-4E67-AB21-3A845234832B}.Debug|x64.ActiveCfg = Debug|Any CPU
		{669554E2-7FD5-4E67-AB21-3A845234832B}.Debug|x64.Build.0 = Debug|Any CPU
		{669554E2-7FD5-4E67-AB21-3A845234832B}.Debug|x86.ActiveCfg = Debug|Any CPU
		{669554E2-7FD5-4E67-AB21-3A845234832B}.Debug|x86.Build.0 = Debug|Any CPU
		{669554E2-7FD5-4E67-AB21-3A845234832B}.Release|Any CPU.ActiveCfg = Release|Any CPU
		{669554E2-7FD5-4E67-AB21-3A845234832B}.Release|Any CPU.Build.0 = Release|Any CPU
		{669554E2-7FD5-4E67-AB21-3A845234832B}.Release|x64.ActiveCfg = Release|Any CPU
		{669554E2-7FD5-4E67-AB21-3A845234832B}.Release|x64.Build.0 = Release|Any CPU
		{669554E2-7FD5-4E67-AB21-3A845234832B}.Release|x86.ActiveCfg = Release|Any CPU
		{669554E2-7FD5-4E67-AB21-3A845234832B}.Release|x86.Build.0 = Release|Any CPU
		{C3576F69-20DB-440D-BD53-8DAE00EF5D3A}.Debug|Any CPU.ActiveCfg = Debug|Any CPU
		{C3576F69-20DB-440D-BD53-8DAE00EF5D3A}.Debug|Any CPU.Build.0 = Debug|Any CPU
		{C3576F69-20DB-440D-BD53-8DAE00EF5D3A}.Debug|x64.ActiveCfg = Debug|Any CPU
		{C3576F69-20DB-440D-BD53-8DAE00EF5D3A}.Debug|x64.Build.0 = Debug|Any CPU
		{C3576F69-20DB-440D-BD53-8DAE00EF5D3A}.Debug|x86.ActiveCfg = Debug|Any CPU
		{C3576F69-20DB-440D-BD53-8DAE00EF5D3A}.Debug|x86.Build.0 = Debug|Any CPU
		{C3576F69-20DB-440D-BD53-8DAE00EF5D3A}.Release|Any CPU.ActiveCfg = Release|Any CPU
		{C3576F69-20DB-440D-BD53-8DAE00EF5D3A}.Release|Any CPU.Build.0 = Release|Any CPU
		{C3576F69-20DB-440D-BD53-8DAE00EF5D3A}.Release|x64.ActiveCfg = Release|Any CPU
		{C3576F69-20DB-440D-BD53-8DAE00EF5D3A}.Release|x64.Build.0 = Release|Any CPU
		{C3576F69-20DB-440D-BD53-8DAE00EF5D3A}.Release|x86.ActiveCfg = Release|Any CPU
		{C3576F69-20DB-440D-BD53-8DAE00EF5D3A}.Release|x86.Build.0 = Release|Any CPU
		{63C47541-7654-409D-8DB4-BA045427725F}.Debug|Any CPU.ActiveCfg = Debug|Any CPU
		{63C47541-7654-409D-8DB4-BA045427725F}.Debug|Any CPU.Build.0 = Debug|Any CPU
		{63C47541-7654-409D-8DB4-BA045427725F}.Debug|x64.ActiveCfg = Debug|Any CPU
		{63C47541-7654-409D-8DB4-BA045427725F}.Debug|x64.Build.0 = Debug|Any CPU
		{63C47541-7654-409D-8DB4-BA045427725F}.Debug|x86.ActiveCfg = Debug|Any CPU
		{63C47541-7654-409D-8DB4-BA045427725F}.Debug|x86.Build.0 = Debug|Any CPU
		{63C47541-7654-409D-8DB4-BA045427725F}.Release|Any CPU.ActiveCfg = Release|Any CPU
		{63C47541-7654-409D-8DB4-BA045427725F}.Release|Any CPU.Build.0 = Release|Any CPU
		{63C47541-7654-409D-8DB4-BA045427725F}.Release|x64.ActiveCfg = Release|Any CPU
		{63C47541-7654-409D-8DB4-BA045427725F}.Release|x64.Build.0 = Release|Any CPU
		{63C47541-7654-409D-8DB4-BA045427725F}.Release|x86.ActiveCfg = Release|Any CPU
		{63C47541-7654-409D-8DB4-BA045427725F}.Release|x86.Build.0 = Release|Any CPU
		{167CAECA-4AA2-4F97-AE4F-3A822445F2BF}.Debug|Any CPU.ActiveCfg = Debug|Any CPU
		{167CAECA-4AA2-4F97-AE4F-3A822445F2BF}.Debug|Any CPU.Build.0 = Debug|Any CPU
		{167CAECA-4AA2-4F97-AE4F-3A822445F2BF}.Debug|x64.ActiveCfg = Debug|Any CPU
		{167CAECA-4AA2-4F97-AE4F-3A822445F2BF}.Debug|x64.Build.0 = Debug|Any CPU
		{167CAECA-4AA2-4F97-AE4F-3A822445F2BF}.Debug|x86.ActiveCfg = Debug|Any CPU
		{167CAECA-4AA2-4F97-AE4F-3A822445F2BF}.Debug|x86.Build.0 = Debug|Any CPU
		{167CAECA-4AA2-4F97-AE4F-3A822445F2BF}.Release|Any CPU.ActiveCfg = Release|Any CPU
		{167CAECA-4AA2-4F97-AE4F-3A822445F2BF}.Release|Any CPU.Build.0 = Release|Any CPU
		{167CAECA-4AA2-4F97-AE4F-3A822445F2BF}.Release|x64.ActiveCfg = Release|Any CPU
		{167CAECA-4AA2-4F97-AE4F-3A822445F2BF}.Release|x64.Build.0 = Release|Any CPU
		{167CAECA-4AA2-4F97-AE4F-3A822445F2BF}.Release|x86.ActiveCfg = Release|Any CPU
		{167CAECA-4AA2-4F97-AE4F-3A822445F2BF}.Release|x86.Build.0 = Release|Any CPU
		{5879098A-2DB3-437A-AB24-D714BF41DE3B}.Debug|Any CPU.ActiveCfg = Debug|Any CPU
		{5879098A-2DB3-437A-AB24-D714BF41DE3B}.Debug|Any CPU.Build.0 = Debug|Any CPU
		{5879098A-2DB3-437A-AB24-D714BF41DE3B}.Debug|x64.ActiveCfg = Debug|Any CPU
		{5879098A-2DB3-437A-AB24-D714BF41DE3B}.Debug|x64.Build.0 = Debug|Any CPU
		{5879098A-2DB3-437A-AB24-D714BF41DE3B}.Debug|x86.ActiveCfg = Debug|Any CPU
		{5879098A-2DB3-437A-AB24-D714BF41DE3B}.Debug|x86.Build.0 = Debug|Any CPU
		{5879098A-2DB3-437A-AB24-D714BF41DE3B}.Release|Any CPU.ActiveCfg = Release|Any CPU
		{5879098A-2DB3-437A-AB24-D714BF41DE3B}.Release|Any CPU.Build.0 = Release|Any CPU
		{5879098A-2DB3-437A-AB24-D714BF41DE3B}.Release|x64.ActiveCfg = Release|Any CPU
		{5879098A-2DB3-437A-AB24-D714BF41DE3B}.Release|x64.Build.0 = Release|Any CPU
		{5879098A-2DB3-437A-AB24-D714BF41DE3B}.Release|x86.ActiveCfg = Release|Any CPU
		{5879098A-2DB3-437A-AB24-D714BF41DE3B}.Release|x86.Build.0 = Release|Any CPU
		{CE2D77F8-B6C7-4BE3-BA94-F7530E869DB9}.Debug|Any CPU.ActiveCfg = Debug|Any CPU
		{CE2D77F8-B6C7-4BE3-BA94-F7530E869DB9}.Debug|Any CPU.Build.0 = Debug|Any CPU
		{CE2D77F8-B6C7-4BE3-BA94-F7530E869DB9}.Debug|x64.ActiveCfg = Debug|Any CPU
		{CE2D77F8-B6C7-4BE3-BA94-F7530E869DB9}.Debug|x64.Build.0 = Debug|Any CPU
		{CE2D77F8-B6C7-4BE3-BA94-F7530E869DB9}.Debug|x86.ActiveCfg = Debug|Any CPU
		{CE2D77F8-B6C7-4BE3-BA94-F7530E869DB9}.Debug|x86.Build.0 = Debug|Any CPU
		{CE2D77F8-B6C7-4BE3-BA94-F7530E869DB9}.Release|Any CPU.ActiveCfg = Release|Any CPU
		{CE2D77F8-B6C7-4BE3-BA94-F7530E869DB9}.Release|Any CPU.Build.0 = Release|Any CPU
		{CE2D77F8-B6C7-4BE3-BA94-F7530E869DB9}.Release|x64.ActiveCfg = Release|Any CPU
		{CE2D77F8-B6C7-4BE3-BA94-F7530E869DB9}.Release|x64.Build.0 = Release|Any CPU
		{CE2D77F8-B6C7-4BE3-BA94-F7530E869DB9}.Release|x86.ActiveCfg = Release|Any CPU
		{CE2D77F8-B6C7-4BE3-BA94-F7530E869DB9}.Release|x86.Build.0 = Release|Any CPU
		{AA87B7B7-CEA3-4E5C-B62C-8EAC2B8898D6}.Debug|Any CPU.ActiveCfg = Debug|Any CPU
		{AA87B7B7-CEA3-4E5C-B62C-8EAC2B8898D6}.Debug|Any CPU.Build.0 = Debug|Any CPU
		{AA87B7B7-CEA3-4E5C-B62C-8EAC2B8898D6}.Debug|x64.ActiveCfg = Debug|Any CPU
		{AA87B7B7-CEA3-4E5C-B62C-8EAC2B8898D6}.Debug|x64.Build.0 = Debug|Any CPU
		{AA87B7B7-CEA3-4E5C-B62C-8EAC2B8898D6}.Debug|x86.ActiveCfg = Debug|Any CPU
		{AA87B7B7-CEA3-4E5C-B62C-8EAC2B8898D6}.Debug|x86.Build.0 = Debug|Any CPU
		{AA87B7B7-CEA3-4E5C-B62C-8EAC2B8898D6}.Release|Any CPU.ActiveCfg = Release|Any CPU
		{AA87B7B7-CEA3-4E5C-B62C-8EAC2B8898D6}.Release|Any CPU.Build.0 = Release|Any CPU
		{AA87B7B7-CEA3-4E5C-B62C-8EAC2B8898D6}.Release|x64.ActiveCfg = Release|Any CPU
		{AA87B7B7-CEA3-4E5C-B62C-8EAC2B8898D6}.Release|x64.Build.0 = Release|Any CPU
		{AA87B7B7-CEA3-4E5C-B62C-8EAC2B8898D6}.Release|x86.ActiveCfg = Release|Any CPU
		{AA87B7B7-CEA3-4E5C-B62C-8EAC2B8898D6}.Release|x86.Build.0 = Release|Any CPU
		{63A5CEAD-1133-4137-A4F8-4303B14CCC29}.Debug|Any CPU.ActiveCfg = Debug|Any CPU
		{63A5CEAD-1133-4137-A4F8-4303B14CCC29}.Debug|Any CPU.Build.0 = Debug|Any CPU
		{63A5CEAD-1133-4137-A4F8-4303B14CCC29}.Debug|x64.ActiveCfg = Debug|Any CPU
		{63A5CEAD-1133-4137-A4F8-4303B14CCC29}.Debug|x64.Build.0 = Debug|Any CPU
		{63A5CEAD-1133-4137-A4F8-4303B14CCC29}.Debug|x86.ActiveCfg = Debug|Any CPU
		{63A5CEAD-1133-4137-A4F8-4303B14CCC29}.Debug|x86.Build.0 = Debug|Any CPU
		{63A5CEAD-1133-4137-A4F8-4303B14CCC29}.Release|Any CPU.ActiveCfg = Release|Any CPU
		{63A5CEAD-1133-4137-A4F8-4303B14CCC29}.Release|Any CPU.Build.0 = Release|Any CPU
		{63A5CEAD-1133-4137-A4F8-4303B14CCC29}.Release|x64.ActiveCfg = Release|Any CPU
		{63A5CEAD-1133-4137-A4F8-4303B14CCC29}.Release|x64.Build.0 = Release|Any CPU
		{63A5CEAD-1133-4137-A4F8-4303B14CCC29}.Release|x86.ActiveCfg = Release|Any CPU
		{63A5CEAD-1133-4137-A4F8-4303B14CCC29}.Release|x86.Build.0 = Release|Any CPU
		{25B13C2D-1496-4D86-82AF-4B416EC0DEED}.Debug|Any CPU.ActiveCfg = Debug|Any CPU
		{25B13C2D-1496-4D86-82AF-4B416EC0DEED}.Debug|Any CPU.Build.0 = Debug|Any CPU
		{25B13C2D-1496-4D86-82AF-4B416EC0DEED}.Debug|x64.ActiveCfg = Debug|Any CPU
		{25B13C2D-1496-4D86-82AF-4B416EC0DEED}.Debug|x64.Build.0 = Debug|Any CPU
		{25B13C2D-1496-4D86-82AF-4B416EC0DEED}.Debug|x86.ActiveCfg = Debug|Any CPU
		{25B13C2D-1496-4D86-82AF-4B416EC0DEED}.Debug|x86.Build.0 = Debug|Any CPU
		{25B13C2D-1496-4D86-82AF-4B416EC0DEED}.Release|Any CPU.ActiveCfg = Release|Any CPU
		{25B13C2D-1496-4D86-82AF-4B416EC0DEED}.Release|Any CPU.Build.0 = Release|Any CPU
		{25B13C2D-1496-4D86-82AF-4B416EC0DEED}.Release|x64.ActiveCfg = Release|Any CPU
		{25B13C2D-1496-4D86-82AF-4B416EC0DEED}.Release|x64.Build.0 = Release|Any CPU
		{25B13C2D-1496-4D86-82AF-4B416EC0DEED}.Release|x86.ActiveCfg = Release|Any CPU
		{25B13C2D-1496-4D86-82AF-4B416EC0DEED}.Release|x86.Build.0 = Release|Any CPU
		{A4E7DD2B-B904-4AA4-B196-D134609FE46C}.Debug|Any CPU.ActiveCfg = Debug|Any CPU
		{A4E7DD2B-B904-4AA4-B196-D134609FE46C}.Debug|Any CPU.Build.0 = Debug|Any CPU
		{A4E7DD2B-B904-4AA4-B196-D134609FE46C}.Debug|x64.ActiveCfg = Debug|Any CPU
		{A4E7DD2B-B904-4AA4-B196-D134609FE46C}.Debug|x64.Build.0 = Debug|Any CPU
		{A4E7DD2B-B904-4AA4-B196-D134609FE46C}.Debug|x86.ActiveCfg = Debug|Any CPU
		{A4E7DD2B-B904-4AA4-B196-D134609FE46C}.Debug|x86.Build.0 = Debug|Any CPU
		{A4E7DD2B-B904-4AA4-B196-D134609FE46C}.Release|Any CPU.ActiveCfg = Release|Any CPU
		{A4E7DD2B-B904-4AA4-B196-D134609FE46C}.Release|Any CPU.Build.0 = Release|Any CPU
		{A4E7DD2B-B904-4AA4-B196-D134609FE46C}.Release|x64.ActiveCfg = Release|Any CPU
		{A4E7DD2B-B904-4AA4-B196-D134609FE46C}.Release|x64.Build.0 = Release|Any CPU
		{A4E7DD2B-B904-4AA4-B196-D134609FE46C}.Release|x86.ActiveCfg = Release|Any CPU
		{A4E7DD2B-B904-4AA4-B196-D134609FE46C}.Release|x86.Build.0 = Release|Any CPU
		{84D65A12-0560-4583-9B26-715294362703}.Debug|Any CPU.ActiveCfg = Debug|Any CPU
		{84D65A12-0560-4583-9B26-715294362703}.Debug|Any CPU.Build.0 = Debug|Any CPU
		{84D65A12-0560-4583-9B26-715294362703}.Debug|x64.ActiveCfg = Debug|Any CPU
		{84D65A12-0560-4583-9B26-715294362703}.Debug|x64.Build.0 = Debug|Any CPU
		{84D65A12-0560-4583-9B26-715294362703}.Debug|x86.ActiveCfg = Debug|Any CPU
		{84D65A12-0560-4583-9B26-715294362703}.Debug|x86.Build.0 = Debug|Any CPU
		{84D65A12-0560-4583-9B26-715294362703}.Release|Any CPU.ActiveCfg = Release|Any CPU
		{84D65A12-0560-4583-9B26-715294362703}.Release|Any CPU.Build.0 = Release|Any CPU
		{84D65A12-0560-4583-9B26-715294362703}.Release|x64.ActiveCfg = Release|Any CPU
		{84D65A12-0560-4583-9B26-715294362703}.Release|x64.Build.0 = Release|Any CPU
		{84D65A12-0560-4583-9B26-715294362703}.Release|x86.ActiveCfg = Release|Any CPU
		{84D65A12-0560-4583-9B26-715294362703}.Release|x86.Build.0 = Release|Any CPU
		{2F2298F5-5C4A-4071-9FC0-3D642C545EB0}.Debug|Any CPU.ActiveCfg = Debug|Any CPU
		{2F2298F5-5C4A-4071-9FC0-3D642C545EB0}.Debug|Any CPU.Build.0 = Debug|Any CPU
		{2F2298F5-5C4A-4071-9FC0-3D642C545EB0}.Debug|x64.ActiveCfg = Debug|Any CPU
		{2F2298F5-5C4A-4071-9FC0-3D642C545EB0}.Debug|x64.Build.0 = Debug|Any CPU
		{2F2298F5-5C4A-4071-9FC0-3D642C545EB0}.Debug|x86.ActiveCfg = Debug|Any CPU
		{2F2298F5-5C4A-4071-9FC0-3D642C545EB0}.Debug|x86.Build.0 = Debug|Any CPU
		{2F2298F5-5C4A-4071-9FC0-3D642C545EB0}.Release|Any CPU.ActiveCfg = Release|Any CPU
		{2F2298F5-5C4A-4071-9FC0-3D642C545EB0}.Release|Any CPU.Build.0 = Release|Any CPU
		{2F2298F5-5C4A-4071-9FC0-3D642C545EB0}.Release|x64.ActiveCfg = Release|Any CPU
		{2F2298F5-5C4A-4071-9FC0-3D642C545EB0}.Release|x64.Build.0 = Release|Any CPU
		{2F2298F5-5C4A-4071-9FC0-3D642C545EB0}.Release|x86.ActiveCfg = Release|Any CPU
		{2F2298F5-5C4A-4071-9FC0-3D642C545EB0}.Release|x86.Build.0 = Release|Any CPU
		{690240BD-4077-4DB1-929B-8A5B8A58A22F}.Debug|Any CPU.ActiveCfg = Debug|Any CPU
		{690240BD-4077-4DB1-929B-8A5B8A58A22F}.Debug|Any CPU.Build.0 = Debug|Any CPU
		{690240BD-4077-4DB1-929B-8A5B8A58A22F}.Debug|x64.ActiveCfg = Debug|Any CPU
		{690240BD-4077-4DB1-929B-8A5B8A58A22F}.Debug|x64.Build.0 = Debug|Any CPU
		{690240BD-4077-4DB1-929B-8A5B8A58A22F}.Debug|x86.ActiveCfg = Debug|Any CPU
		{690240BD-4077-4DB1-929B-8A5B8A58A22F}.Debug|x86.Build.0 = Debug|Any CPU
		{690240BD-4077-4DB1-929B-8A5B8A58A22F}.Release|Any CPU.ActiveCfg = Release|Any CPU
		{690240BD-4077-4DB1-929B-8A5B8A58A22F}.Release|Any CPU.Build.0 = Release|Any CPU
		{690240BD-4077-4DB1-929B-8A5B8A58A22F}.Release|x64.ActiveCfg = Release|Any CPU
		{690240BD-4077-4DB1-929B-8A5B8A58A22F}.Release|x64.Build.0 = Release|Any CPU
		{690240BD-4077-4DB1-929B-8A5B8A58A22F}.Release|x86.ActiveCfg = Release|Any CPU
		{690240BD-4077-4DB1-929B-8A5B8A58A22F}.Release|x86.Build.0 = Release|Any CPU
		{E66C60B9-BF26-4A3C-ADED-75C35791AEC6}.Debug|Any CPU.ActiveCfg = Debug|Any CPU
		{E66C60B9-BF26-4A3C-ADED-75C35791AEC6}.Debug|Any CPU.Build.0 = Debug|Any CPU
		{E66C60B9-BF26-4A3C-ADED-75C35791AEC6}.Debug|x64.ActiveCfg = Debug|Any CPU
		{E66C60B9-BF26-4A3C-ADED-75C35791AEC6}.Debug|x64.Build.0 = Debug|Any CPU
		{E66C60B9-BF26-4A3C-ADED-75C35791AEC6}.Debug|x86.ActiveCfg = Debug|Any CPU
		{E66C60B9-BF26-4A3C-ADED-75C35791AEC6}.Debug|x86.Build.0 = Debug|Any CPU
		{E66C60B9-BF26-4A3C-ADED-75C35791AEC6}.Release|Any CPU.ActiveCfg = Release|Any CPU
		{E66C60B9-BF26-4A3C-ADED-75C35791AEC6}.Release|Any CPU.Build.0 = Release|Any CPU
		{E66C60B9-BF26-4A3C-ADED-75C35791AEC6}.Release|x64.ActiveCfg = Release|Any CPU
		{E66C60B9-BF26-4A3C-ADED-75C35791AEC6}.Release|x64.Build.0 = Release|Any CPU
		{E66C60B9-BF26-4A3C-ADED-75C35791AEC6}.Release|x86.ActiveCfg = Release|Any CPU
		{E66C60B9-BF26-4A3C-ADED-75C35791AEC6}.Release|x86.Build.0 = Release|Any CPU
	EndGlobalSection
	GlobalSection(SolutionProperties) = preSolution
		HideSolutionNode = FALSE
	EndGlobalSection
	GlobalSection(NestedProjects) = preSolution
		{B2C3D4E5-F6A7-8901-BCDE-F12345678901} = {A1B2C3D4-E5F6-7890-ABCD-EF1234567890}
		{C3D4E5F6-A7B8-9012-CDEF-123456789012} = {A1B2C3D4-E5F6-7890-ABCD-EF1234567890}
		{D4E5F6A7-B8C9-0123-DEF0-234567890123} = {A1B2C3D4-E5F6-7890-ABCD-EF1234567890}
		{E5F6A7B8-C9D0-1234-EF01-345678901234} = {B2C3D4E5-F6A7-8901-BCDE-F12345678901}
		{F6A7B8C9-D0E1-2345-F012-456789012345} = {B2C3D4E5-F6A7-8901-BCDE-F12345678901}
		{A7B8C9D0-E1F2-3456-0123-567890123456} = {B2C3D4E5-F6A7-8901-BCDE-F12345678901}
		{B8C9D0E1-F2A3-4567-1234-678901234567} = {B2C3D4E5-F6A7-8901-BCDE-F12345678901}
		{C9D0E1F2-A3B4-5678-2345-789012345678} = {C3D4E5F6-A7B8-9012-CDEF-123456789012}
		{77777777-7777-7777-7777-777777777777} = {66666666-6666-6666-6666-666666666666}
		{1CF6108A-1185-35DE-5336-C1AA265239B1} = {D4E5F6A7-B8C9-0123-DEF0-234567890123}
		{B2EAACFF-A197-41CE-BE3D-07A0A0772EA8} = {1CF6108A-1185-35DE-5336-C1AA265239B1}
		{0FCD0F38-8509-419D-AAF7-D028DE7D706A} = {1CF6108A-1185-35DE-5336-C1AA265239B1}
		{669554E2-7FD5-4E67-AB21-3A845234832B} = {1CF6108A-1185-35DE-5336-C1AA265239B1}
		{D1808495-CEA6-9182-464B-E341048D0084} = {D4E5F6A7-B8C9-0123-DEF0-234567890123}
		{C3576F69-20DB-440D-BD53-8DAE00EF5D3A} = {D1808495-CEA6-9182-464B-E341048D0084}
		{63C47541-7654-409D-8DB4-BA045427725F} = {1CF6108A-1185-35DE-5336-C1AA265239B1}
		{167CAECA-4AA2-4F97-AE4F-3A822445F2BF} = {1CF6108A-1185-35DE-5336-C1AA265239B1}
		{5879098A-2DB3-437A-AB24-D714BF41DE3B} = {D1808495-CEA6-9182-464B-E341048D0084}
		{CE2D77F8-B6C7-4BE3-BA94-F7530E869DB9} = {D1808495-CEA6-9182-464B-E341048D0084}
		{AA87B7B7-CEA3-4E5C-B62C-8EAC2B8898D6} = {D1808495-CEA6-9182-464B-E341048D0084}
		{63A5CEAD-1133-4137-A4F8-4303B14CCC29} = {D1808495-CEA6-9182-464B-E341048D0084}
		{18DAEF29-55A3-BEDD-F3E8-9126768E3534} = {1CF6108A-1185-35DE-5336-C1AA265239B1}
		{25B13C2D-1496-4D86-82AF-4B416EC0DEED} = {18DAEF29-55A3-BEDD-F3E8-9126768E3534}
		{A4E7DD2B-B904-4AA4-B196-D134609FE46C} = {18DAEF29-55A3-BEDD-F3E8-9126768E3534}
		{9A805616-B6DC-3A22-2787-69BF736FCE68} = {D1808495-CEA6-9182-464B-E341048D0084}
		{84D65A12-0560-4583-9B26-715294362703} = {9A805616-B6DC-3A22-2787-69BF736FCE68}
		{2F2298F5-5C4A-4071-9FC0-3D642C545EB0} = {9A805616-B6DC-3A22-2787-69BF736FCE68}
		{D269E6B0-7F09-94EF-0285-FCEBCC09D17C} = {B2C3D4E5-F6A7-8901-BCDE-F12345678901}
		{690240BD-4077-4DB1-929B-8A5B8A58A22F} = {D269E6B0-7F09-94EF-0285-FCEBCC09D17C}
		{E66C60B9-BF26-4A3C-ADED-75C35791AEC6} = {18DAEF29-55A3-BEDD-F3E8-9126768E3534}
	EndGlobalSection
	GlobalSection(ExtensibilityGlobals) = postSolution
		SolutionGuid = {12345678-90AB-CDEF-1234-567890ABCDEF}
	EndGlobalSection
EndGlobal
